{"SurveyEntry":{"SurveyID":"SV_1Opo4nmrQFts3RP","SurveyName":"ReplicationTime2Condition2Warmth","SurveyDescription":"ReplicationTime2Condition2","SurveyOwnerID":"UR_5uILfBa7FOqJKF7","SurveyBrandID":"msupsych","DivisionID":null,"SurveyLanguage":"EN","SurveyActiveResponseSet":"RS_0kzpknCHFnbLqkd","SurveyStatus":"Active","SurveyStartDate":"0000-00-00 00:00:00","SurveyExpirationDate":"0000-00-00 00:00:00","SurveyCreationDate":"2016-03-01 17:52:36","CreatorID":"UR_5uILfBa7FOqJKF7","LastModified":"2016-03-02 10:43:18","LastAccessed":"0000-00-00 00:00:00","LastActivated":"2016-03-01 18:16:07","Deleted":null},"SurveyElements":[{"SurveyID":"SV_1Opo4nmrQFts3RP","Element":"BL","PrimaryAttribute":"Survey Blocks","SecondaryAttribute":null,"TertiaryAttribute":null,"Payload":[{"Type":"Default","Description":"Consent","ID":"BL_diFXSxFxgYBFKaV","BlockElements":[{"Type":"Question","QuestionID":"QID1"}]},{"Type":"Trash","Description":"Trash \/ Unused Questions","ID":"BL_cIT0eoHBDgnO1tX","BlockElements":[{"Type":"Question","QuestionID":"QID3"},{"Type":"Question","QuestionID":"QID34"},{"Type":"Question","QuestionID":"QID36"},{"Type":"Question","QuestionID":"QID5"},{"Type":"Question","QuestionID":"QID7"},{"Type":"Question","QuestionID":"QID23"},{"Type":"Question","QuestionID":"QID41"},{"Type":"Question","QuestionID":"QID21"},{"Type":"Question","QuestionID":"QID6"}]},{"Type":"Standard","SubType":"","Description":"Agree","ID":"BL_1Nu1Aw764uT8H9r","BlockElements":[{"Type":"Question","QuestionID":"QID2"},{"Type":"Question","QuestionID":"QID4"},{"Type":"Question","QuestionID":"QID37"},{"Type":"Question","QuestionID":"QID16"},{"Type":"Question","QuestionID":"QID38"},{"Type":"Question","QuestionID":"QID39"},{"Type":"Question","QuestionID":"QID40"},{"Type":"Question","QuestionID":"QID8"}]},{"Type":"Standard","SubType":"","Description":"Important","ID":"BL_6P94KCz9RUJNII5","BlockElements":[{"Type":"Question","QuestionID":"QID10"},{"Type":"Question","QuestionID":"QID11"},{"Type":"Question","QuestionID":"QID12"},{"Type":"Question","QuestionID":"QID9"},{"Type":"Question","QuestionID":"QID13"},{"Type":"Question","QuestionID":"QID17"},{"Type":"Question","QuestionID":"QID14"},{"Type":"Question","QuestionID":"QID15"},{"Type":"Question","QuestionID":"QID42"}]},{"Type":"Standard","SubType":"","Description":"open-ended","ID":"BL_0VbqliQMmIfMp6t","BlockElements":[{"Type":"Question","QuestionID":"QID18"},{"Type":"Question","QuestionID":"QID19"},{"Type":"Question","QuestionID":"QID20"},{"Type":"Question","QuestionID":"QID22"},{"Type":"Question","QuestionID":"QID61"},{"Type":"Question","QuestionID":"QID62"}]},{"Type":"Standard","SubType":"","Description":"dems","ID":"BL_9tvECBa8n0taeAR","BlockElements":[{"Type":"Question","QuestionID":"QID24"},{"Type":"Question","QuestionID":"QID25"},{"Type":"Question","QuestionID":"QID26"},{"Type":"Question","QuestionID":"QID27"},{"Type":"Question","QuestionID":"QID28"},{"Type":"Question","QuestionID":"QID29"},{"Type":"Question","QuestionID":"QID30"},{"Type":"Question","QuestionID":"QID31"},{"Type":"Question","QuestionID":"QID32"},{"Type":"Question","QuestionID":"QID63"},{"Type":"Question","QuestionID":"QID33"}]},{"Type":"Standard","SubType":"","Description":"NetID","ID":"BL_9ME4LpSXQWRWPsh","BlockElements":[{"Type":"Question","QuestionID":"QID35"}]},{"Type":"Standard","SubType":"","Description":"Attitudes","ID":"BL_5A285Z61ggAYjGd","BlockElements":[{"Type":"Question","QuestionID":"QID43"},{"Type":"Question","QuestionID":"QID44"},{"Type":"Question","QuestionID":"QID45"},{"Type":"Question","QuestionID":"QID46"},{"Type":"Question","QuestionID":"QID47"},{"Type":"Question","QuestionID":"QID48"},{"Type":"Question","QuestionID":"QID49"}]},{"Type":"Standard","SubType":"","Description":"Instructions","ID":"BL_6JxzgEYUPCn2pYp","BlockElements":[{"Type":"Question","QuestionID":"QID50"}]},{"Type":"Standard","SubType":"","Description":"Warm Heart","ID":"BL_8kzZy39O0PS9qCh","BlockElements":[{"Type":"Question","QuestionID":"QID51"},{"Type":"Question","QuestionID":"QID52"}]},{"Type":"Standard","SubType":"","Description":"MediaQs","ID":"BL_b3m9frrRm1I0VIV","BlockElements":[{"Type":"Question","QuestionID":"QID53"},{"Type":"Question","QuestionID":"QID54"},{"Type":"Question","QuestionID":"QID55"},{"Type":"Question","QuestionID":"QID56"},{"Type":"Question","QuestionID":"QID57"},{"Type":"Question","QuestionID":"QID58"},{"Type":"Question","QuestionID":"QID59"},{"Type":"Question","QuestionID":"QID60"}]}]},{"SurveyID":"SV_1Opo4nmrQFts3RP","Element":"FL","PrimaryAttribute":"Survey Flow","SecondaryAttribute":null,"TertiaryAttribute":null,"Payload":{"Flow":[{"ID":"BL_diFXSxFxgYBFKaV","Type":"Block","FlowID":"FL_2"},{"ID":"BL_5A285Z61ggAYjGd","Type":"Standard","FlowID":"FL_8"},{"ID":"BL_6JxzgEYUPCn2pYp","Type":"Standard","FlowID":"FL_9"},{"ID":"BL_8kzZy39O0PS9qCh","Type":"Standard","FlowID":"FL_10"},{"ID":"BL_b3m9frrRm1I0VIV","Type":"Standard","FlowID":"FL_11"},{"ID":"BL_1Nu1Aw764uT8H9r","Type":"Standard","FlowID":"FL_3"},{"ID":"BL_6P94KCz9RUJNII5","Type":"Standard","FlowID":"FL_4"},{"ID":"BL_0VbqliQMmIfMp6t","Type":"Standard","FlowID":"FL_5"},{"ID":"BL_9tvECBa8n0taeAR","Type":"Standard","FlowID":"FL_6"},{"ID":"BL_9ME4LpSXQWRWPsh","Type":"Standard","FlowID":"FL_7"}],"Properties":{"Count":11},"FlowID":"FL_1","Type":"Root"}},{"SurveyID":"SV_1Opo4nmrQFts3RP","Element":"SO","PrimaryAttribute":"Survey Options","SecondaryAttribute":null,"TertiaryAttribute":null,"Payload":{"BackButton":"false","SaveAndContinue":"true","SurveyProtection":"PublicSurvey","BallotBoxStuffingPrevention":"true","NoIndex":"Yes","SurveyExpiration":null,"SurveyTermination":"DisplayMessage","Header":"","Footer":"","ProgressBarDisplay":"Text","PartialData":"+1 week","ValidationMessage":null,"PreviousButton":"  <<  ","NextButton":"  >>  ","SkinLibrary":"Qualtrics","SkinType":"MQ","Skin":"v4qualtrics1","NewScoring":1,"ProtectSelectionIds":true,"EOSMessage":"MS_bEi4mxPoQoLIXc1","ShowExportTags":"false","CollectGeoLocation":"false","SurveyTitle":"Online Survey Software | Qualtrics Survey Solutions","SurveyMetaDescription":"Qualtrics sophisticated online survey software solutions make creating online surveys easy. Learn more about Research Suite and get a free account today.","PasswordProtection":"No","AnonymizeResponse":"No","Password":"","RefererCheck":"No","RefererURL":"http:\/\/","EOSMessageLibrary":"UR_5uILfBa7FOqJKF7","EOSRedirectURL":"http:\/\/","EmailThankYou":"false","ThankYouEmailMessageLibrary":null,"ThankYouEmailMessage":null,"ValidateMessage":"false","ValidationMessageLibrary":null,"InactiveSurvey":"DefaultMessage","InactiveMessageLibrary":"","InactiveMessage":"","AvailableLanguages":{"EN":[]},"libraryId":"","nextButtonMid":"","previousButtonMid":"","headerMid":"","footerMid":"","QuestionsPerPage":"","PageTransition":"Slide","ExternalCSS":null,"CustomStyles":{"errorStyles":{"selector":".Skin .ValidationError","styles":{"color":null,"backgroundColor":null,"borderColor":null}},"errorStylesBG":{"selector":".Skin .HeaderValidationError, .Skin .HeaderValidationError li a","styles":{"color":null,"backgroundColor":null}},"pageStyles":{"selector":"#SurveyEngineBody","styles":{"backgroundColor":null}},"textStyles":{"selector":".SkinInner","styles":{"fontFamily":null,"fontSize":null,"fontWeight":null,"fontStyle":null,"textDecoration":null,"color":null}},"questionStyles":{"selector":".Skin .QuestionText","styles":{"fontFamily":null,"fontSize":null,"fontWeight":null,"fontStyle":null,"textDecoration":null,"color":null}},"choiceStyles":{"selector":".Skin .horizontalbar th.ylabel, .Skin .Matrix table td, .Skin .Matrix table th, .Skin .Matrix table thead th, .Skin .Matrix table thead td, .Skin .PGR .DragAndDrop .Items label, .Skin .QuestionBody ul.ChoiceStructure, .Skin .PGR .DragAndDrop .Group ul, .Skin .PGR .DragAndDrop .Group h2, .Skin .PGR .DragAndDrop .Items ul, .Skin .PGR .DragAndDrop .Items h2, .Skin .DD .QuestionBody table.ChoiceStructure, .Skin .PGR .DragAndDrop .NoColumns td.groupsContainerTd div ul, .Skin .PGR .DragAndDrop .NoColumns td.groupsContainerTd div h2, .Skin .SBS thead th, .Skin .SBS td, .Skin .SBS .Answers td, .Skin .SBS .Answers th, .SBS table.ChoiceStructure, .Skin .horizontalbar thead table.LabelDescriptions tr td, .Skin .horizontalbar thead tr td.NotApplicable, .QuestionBody th, .Skin .QuestionBody .MC .MAVR label, .Skin .QuestionBody .MC .SAVR label, .Skin .SBS thead th, .Skin .SBS td, .Skin .RO .DND ul li, .Skin .reg, .SkinInner .ChoiceStructure, .Skin thead, .Skin .GAP .ChoiceStructure thead th, .Skin .GAP .ChoiceStructure .c4, .Skin .GAP .ChoiceStructure th, .Skin .GAP .ChoiceStructure .WhyText, .SkinInner .ChoiceStructure .LightBG, .Skin .QuestionOuter.Highlight .Inner .reg, .Skin .QuestionOuter.Highlight .Inner .alt, .Skin .QuestionOuter.Highlight .Inner .ReadableAlt       ","styles":{"fontFamily":null,"fontSize":null,"fontWeight":null,"fontStyle":null,"textDecoration":null,"color":null}},"headerStyles":{"selector":".Skin div#Header","styles":{"color":null}},"footerStyles":{"selector":".Skin #Footer","styles":{"color":null}},"questionSeparatorStyles":{"selector":".Skin .Separator","styles":{"backgroundColor":null,"display":"block"}},"highlightStyles":{"selector":".Skin .QuestionOuter.Highlight .Inner, .Skin .QuestionOuter.Highlight .Inner .reg, .Skin .QuestionOuter.Highlight .Inner .alt, .Skin .QuestionOuter.Highlight .Inner .ReadableAlt","styles":{"backgroundColor":null}},"highlightStylesAlt":{"selector":".Skin .QuestionOuter.Highlight .Inner .ReadableAlt, .Skin .QuestionOuter.Highlight .Inner .LightBG","styles":{"backgroundColor":null}},"textEntryStyles":{"selector":".Skin select, .Skin .InputText","styles":{"color":null}},"borderStyles":{"selector":".Skin .CS .horizontalbar table.sliderGrid tr.xlabel th, .Skin .CS .horizontalbar .ylabel, .Skin .CS .horizontalbar table.sliderGrid tr td.value, .Skin .Slider .horizontalbar table.sliderGrid tr.xlabel th, .Skin .BorderColor, .Skin .DarkBorderColor, .Skin .Slider .horizontalbar table.sliderGrid tr td.value, .Skin thead, .Skin .GAP .ChoiceStructure thead th  ","styles":{"borderColor":null}},"altRowStyles":{"selector":".Skin .ReadableAlt, .Skin .LightBG","styles":{"backgroundColor":null}},"customCSS":null},"HighlightQuestions":"off"}},{"SurveyID":"SV_1Opo4nmrQFts3RP","Element":"SCO","PrimaryAttribute":"Scoring","SecondaryAttribute":null,"TertiaryAttribute":null,"Payload":{"ScoringCategories":[],"ScoringCategoryGroups":[],"ScoringSummaryCategory":null,"ScoringSummaryAfterQuestions":0,"ScoringSummaryAfterSurvey":0,"DefaultScoringCategory":null,"AutoScoringCategory":null}},{"SurveyID":"SV_1Opo4nmrQFts3RP","Element":"STAT","PrimaryAttribute":"Survey Statistics","SecondaryAttribute":null,"TertiaryAttribute":null,"Payload":{"MobileCompatible":false,"ID":"Survey Statistics"}},{"SurveyID":"SV_1Opo4nmrQFts3RP","Element":"QC","PrimaryAttribute":"Survey Question Count","SecondaryAttribute":"63","TertiaryAttribute":null,"Payload":null},{"SurveyID":"SV_1Opo4nmrQFts3RP","Element":"SQ","PrimaryAttribute":"QID7","SecondaryAttribute":"Before beginning a study, researchers should have a clear hypothesis for what they expect will ha...","TertiaryAttribute":null,"Payload":{"QuestionText":"Before beginning a study, researchers should have a clear hypothesis for what they expect will happen in a study.","DefaultChoices":false,"DataExportTag":"Q8","QuestionType":"MC","Selector":"SAHR","SubSelector":"TX","Configuration":{"QuestionDescriptionOption":"UseText","LabelPosition":"BELOW"},"QuestionDescription":"Before beginning a study, researchers should have a clear hypothesis for what they expect will ha...","Choices":{"1":{"Display":"disagree strongly"},"2":{"Display":"disagree slightly"},"3":{"Display":"disagree"},"4":{"Display":"neither disagree nor agree"},"5":{"Display":"agree"},"6":{"Display":"agree slightly"},"7":{"Display":"agree strongly"}},"ChoiceOrder":[1,2,3,4,5,6,7],"Validation":{"Settings":{"ForceResponse":"OFF","ForceResponseType":"ON","Type":"None"}},"GradingData":[],"Language":[],"QuestionID":"QID7"}},{"SurveyID":"SV_1Opo4nmrQFts3RP","Element":"SQ","PrimaryAttribute":"QID6","SecondaryAttribute":"Before beginning a study, researchers should have a pre-registered plan for how to collect and an...","TertiaryAttribute":null,"Payload":{"QuestionText":"Before beginning a study, researchers should have a pre-registered plan for how to collect and analyze their data.","DefaultChoices":false,"DataExportTag":"Q7","QuestionType":"MC","Selector":"SAHR","SubSelector":"TX","Configuration":{"QuestionDescriptionOption":"UseText","LabelPosition":"BELOW"},"QuestionDescription":"Before beginning a study, researchers should have a pre-registered plan for how to collect and an...","Choices":{"1":{"Display":"disagree strongly"},"2":{"Display":"disagree slightly"},"3":{"Display":"disagree"},"4":{"Display":"neither disagree nor agree"},"5":{"Display":"agree"},"6":{"Display":"agree slightly"},"7":{"Display":"agree strongly"}},"ChoiceOrder":[1,2,3,4,5,6,7],"Validation":{"Settings":{"ForceResponse":"OFF","ForceResponseType":"ON","Type":"None"}},"GradingData":[],"Language":[],"QuestionID":"QID6"}},{"SurveyID":"SV_1Opo4nmrQFts3RP","Element":"SQ","PrimaryAttribute":"QID24","SecondaryAttribute":"Below are some basic demographic questions about yourself.","TertiaryAttribute":null,"Payload":{"QuestionText":"Below are some basic demographic questions about yourself.","DefaultChoices":false,"DataExportTag":"Q24","QuestionType":"DB","Selector":"TB","Configuration":{"QuestionDescriptionOption":"UseText"},"QuestionDescription":"Below are some basic demographic questions about yourself.","ChoiceOrder":[],"Validation":{"Settings":{"Type":"None"}},"GradingData":[],"Language":[],"QuestionID":"QID24"}},{"SurveyID":"SV_1Opo4nmrQFts3RP","Element":"SQ","PrimaryAttribute":"QID18","SecondaryAttribute":"Below are some open-ended questions about best practices research. Please answer each question ho...","TertiaryAttribute":null,"Payload":{"QuestionText":"Below are some open-ended questions about best practices research. Please answer each question honestly.","DefaultChoices":false,"DataExportTag":"Q18","QuestionType":"DB","Selector":"TB","Configuration":{"QuestionDescriptionOption":"UseText"},"QuestionDescription":"Below are some open-ended questions about best practices research. Please answer each question ho...","ChoiceOrder":[],"Validation":{"Settings":{"Type":"None"}},"GradingData":[],"Language":[],"QuestionID":"QID18"}},{"SurveyID":"SV_1Opo4nmrQFts3RP","Element":"SQ","PrimaryAttribute":"QID3","SecondaryAttribute":"Below are some questions about the media report that you just read. Please answer each question h...","TertiaryAttribute":null,"Payload":{"QuestionText":"Below are some questions about the media report that you just read. Please answer each question honestly","DefaultChoices":false,"DataExportTag":"Q4","QuestionType":"DB","Selector":"TB","Configuration":{"QuestionDescriptionOption":"UseText"},"QuestionDescription":"Below are some questions about the media report that you just read. Please answer each question h...","ChoiceOrder":[],"Validation":{"Settings":{"Type":"None"}},"GradingData":[],"Language":[],"QuestionID":"QID3"}},{"SurveyID":"SV_1Opo4nmrQFts3RP","Element":"SQ","PrimaryAttribute":"QID53","SecondaryAttribute":"Below are some questions about the media report that you just read. Please answer each question h...","TertiaryAttribute":null,"Payload":{"QuestionText":"Below are some questions about the media report that you just read. Please answer each question honestly","DefaultChoices":false,"DataExportTag":"Q64","QuestionType":"DB","Selector":"TB","Configuration":{"QuestionDescriptionOption":"UseText"},"QuestionDescription":"Below are some questions about the media report that you just read. Please answer each question h...","ChoiceOrder":[],"Validation":{"Settings":{"Type":"None"}},"GradingData":[],"Language":[],"QuestionID":"QID53"}},{"SurveyID":"SV_1Opo4nmrQFts3RP","Element":"SQ","PrimaryAttribute":"QID43","SecondaryAttribute":"Below are some questions about your attitudes toward psychology.\u00a0 How much do you agree with each..","TertiaryAttribute":null,"Payload":{"QuestionText":"Below are some questions about your attitudes toward psychology.&nbsp;<div><br><\/div><div>How much do you agree with each statement?<\/div><div><br><\/div><div>Please answer honestly.<\/div>","DefaultChoices":false,"DataExportTag":"Q44","QuestionType":"DB","Selector":"TB","Configuration":{"QuestionDescriptionOption":"UseText"},"QuestionDescription":"Below are some questions about your attitudes toward psychology.\u00a0 How much do you agree with each...","ChoiceOrder":[],"Validation":{"Settings":{"Type":"None"}},"GradingData":[],"Language":[],"QuestionID":"QID43"}},{"SurveyID":"SV_1Opo4nmrQFts3RP","Element":"SQ","PrimaryAttribute":"QID34","SecondaryAttribute":"Click to write the question text","TertiaryAttribute":null,"Payload":{"QuestionText":"Click to write the question text","DataExportTag":"Q34","QuestionType":"MC","Selector":"SAVR","SubSelector":"TX","Configuration":{"QuestionDescriptionOption":"UseText"},"QuestionDescription":"Click to write the question text","Choices":{"1":{"Display":"Click to write Choice 1"},"2":{"Display":"Click to write Choice 2"},"3":{"Display":"Click to write Choice 3"}},"ChoiceOrder":["1","2","3"],"Validation":{"Settings":{"ForceResponse":"OFF","ForceResponseType":"ON","Type":"None"}},"Language":[],"QuestionID":"QID34"}},{"SurveyID":"SV_1Opo4nmrQFts3RP","Element":"SQ","PrimaryAttribute":"QID41","SecondaryAttribute":"Click to write the question text","TertiaryAttribute":null,"Payload":{"QuestionText":"Click to write the question text","DataExportTag":"Q41","QuestionType":"MC","Selector":"SAVR","SubSelector":"TX","Configuration":{"QuestionDescriptionOption":"UseText"},"QuestionDescription":"Click to write the question text","Choices":{"1":{"Display":"Click to write Choice 1"},"2":{"Display":"Click to write Choice 2"},"3":{"Display":"Click to write Choice 3"}},"ChoiceOrder":["1","2","3"],"Validation":{"Settings":{"ForceResponse":"OFF","ForceResponseType":"ON","Type":"None"}},"Language":[],"QuestionID":"QID41"}},{"SurveyID":"SV_1Opo4nmrQFts3RP","Element":"RS","PrimaryAttribute":"RS_0kzpknCHFnbLqkd","SecondaryAttribute":"Default Response Set","TertiaryAttribute":null,"Payload":null},{"SurveyID":"SV_1Opo4nmrQFts3RP","Element":"SQ","PrimaryAttribute":"QID11","SecondaryAttribute":"For a researcher, how important is choosing a sample size before running a study?","TertiaryAttribute":null,"Payload":{"QuestionText":"For a researcher, how important is choosing a sample size before running a study?","DataExportTag":"Q11","QuestionType":"MC","Selector":"SAHR","SubSelector":"TX","Configuration":{"QuestionDescriptionOption":"UseText","LabelPosition":"BELOW"},"QuestionDescription":"For a researcher, how important is choosing a sample size before running a study?","Choices":{"1":{"Display":"1-not important at all"},"2":{"Display":"2-slightly important"},"3":{"Display":"3-moderately important"},"4":{"Display":"4-very important"},"5":{"Display":"5-extremely important"}},"ChoiceOrder":[1,2,3,4,5],"Validation":{"Settings":{"ForceResponse":"OFF","ForceResponseType":"ON","Type":"None"}},"GradingData":[],"Language":[],"QuestionID":"QID11","DefaultChoices":false}},{"SurveyID":"SV_1Opo4nmrQFts3RP","Element":"SQ","PrimaryAttribute":"QID63","SecondaryAttribute":"Have you heard of the replication crisis in psychology prior to the Best Practices Lecture?","TertiaryAttribute":null,"Payload":{"QuestionText":"Have you heard of the replication crisis in psychology prior to the Best Practices Lecture?","DefaultChoices":false,"DataExportTag":"Q64","QuestionType":"MC","Selector":"SAVR","SubSelector":"TX","Configuration":{"QuestionDescriptionOption":"UseText"},"QuestionDescription":"Have you heard of the replication crisis in psychology prior to the Best Practices Lecture?","Choices":{"1":{"Display":"yes"},"2":{"Display":"no"}},"ChoiceOrder":[1,2],"Validation":{"Settings":{"ForceResponse":"OFF","ForceResponseType":"ON","Type":"None"}},"GradingData":[],"Language":[],"QuestionID":"QID63"}},{"SurveyID":"SV_1Opo4nmrQFts3RP","Element":"SQ","PrimaryAttribute":"QID32","SecondaryAttribute":"Have you taken a statistics class in the past or are you currently enrolled in a statistics course?","TertiaryAttribute":null,"Payload":{"QuestionText":"Have you taken a statistics class in the past or are you currently enrolled in a statistics course?","DefaultChoices":false,"DataExportTag":"Q32","QuestionType":"MC","Selector":"SAVR","SubSelector":"TX","Configuration":{"QuestionDescriptionOption":"UseText"},"QuestionDescription":"Have you taken a statistics class in the past or are you currently enrolled in a statistics course?","Choices":{"1":{"Display":"yes"},"2":{"Display":"no"}},"ChoiceOrder":[1,2],"Validation":{"Settings":{"ForceResponse":"OFF","ForceResponseType":"ON","Type":"None"}},"GradingData":[],"Language":[],"QuestionID":"QID32"}},{"SurveyID":"SV_1Opo4nmrQFts3RP","Element":"SQ","PrimaryAttribute":"QID54","SecondaryAttribute":"How believable did you find the results of this study?","TertiaryAttribute":null,"Payload":{"QuestionText":"How believable did you find the results of this study?","DefaultChoices":false,"DataExportTag":"Q66","QuestionType":"MC","Selector":"SAHR","SubSelector":"TX","Configuration":{"QuestionDescriptionOption":"UseText","LabelPosition":"BELOW"},"QuestionDescription":"How believable did you find the results of this study?","Choices":{"1":{"Display":"1-not at all believable"},"2":{"Display":"2"},"3":{"Display":"3"},"4":{"Display":"4"},"5":{"Display":"5"},"6":{"Display":"6"},"7":{"Display":"7-very believable"}},"ChoiceOrder":[1,2,3,4,5,6,7],"Validation":{"Settings":{"ForceResponse":"OFF","ForceResponseType":"ON","Type":"None"}},"GradingData":[],"Language":[],"QuestionID":"QID54"}},{"SurveyID":"SV_1Opo4nmrQFts3RP","Element":"SQ","PrimaryAttribute":"QID12","SecondaryAttribute":"How do researchers decide on choosing a sample size?","TertiaryAttribute":null,"Payload":{"QuestionText":"How do researchers decide on choosing a sample size?","DefaultChoices":false,"DataExportTag":"Q12","QuestionType":"TE","Selector":"ESTB","Configuration":{"QuestionDescriptionOption":"UseText"},"QuestionDescription":"How do researchers decide on choosing a sample size?","Validation":{"Settings":{"ForceResponse":"OFF","ForceResponseType":"ON","Type":"None"}},"GradingData":[],"Language":[],"QuestionID":"QID12"}},{"SurveyID":"SV_1Opo4nmrQFts3RP","Element":"SQ","PrimaryAttribute":"QID17","SecondaryAttribute":"How important are decisions in data collection, analysis, and reporting in affecting how likely a...","TertiaryAttribute":null,"Payload":{"QuestionText":"How important are decisions in data collection, analysis, and reporting in affecting how likely a researcher will find a significant effect?","DataExportTag":"Q17","QuestionType":"MC","Selector":"SAHR","SubSelector":"TX","Configuration":{"QuestionDescriptionOption":"UseText","LabelPosition":"BELOW"},"QuestionDescription":"How important are decisions in data collection, analysis, and reporting in affecting how likely a...","Choices":{"1":{"Display":"1-not important at all"},"2":{"Display":"2-slightly important"},"3":{"Display":"3-moderately important"},"4":{"Display":"4-very important"},"5":{"Display":"5-extremely important"}},"ChoiceOrder":[1,2,3,4,5],"Validation":{"Settings":{"ForceResponse":"OFF","ForceResponseType":"ON","Type":"None"}},"GradingData":[],"Language":[],"QuestionID":"QID17"}},{"SurveyID":"SV_1Opo4nmrQFts3RP","Element":"SQ","PrimaryAttribute":"QID42","SecondaryAttribute":"How important is it that results from a psychology study are counter-intuitive (e.g., different f...","TertiaryAttribute":null,"Payload":{"QuestionText":"How important is it that results from a psychology study are counter-intuitive (e.g., different from what you would expect)?","DataExportTag":"Q42","QuestionType":"MC","Selector":"SAHR","SubSelector":"TX","Configuration":{"QuestionDescriptionOption":"UseText","LabelPosition":"BELOW"},"QuestionDescription":"How important is it that results from a psychology study are counter-intuitive (e.g., different f...","Choices":{"1":{"Display":"1-not important at all"},"2":{"Display":"2-slightly important"},"3":{"Display":"3-moderately important"},"4":{"Display":"4-very important"},"5":{"Display":"5-extremely important"}},"ChoiceOrder":[1,2,3,4,5],"Validation":{"Settings":{"ForceResponse":"OFF","ForceResponseType":"ON","Type":"None"}},"GradingData":[],"Language":[],"QuestionID":"QID42"}},{"SurveyID":"SV_1Opo4nmrQFts3RP","Element":"SQ","PrimaryAttribute":"QID13","SecondaryAttribute":"How important is it to make data publicly available so that results can be verified by other rese...","TertiaryAttribute":null,"Payload":{"QuestionText":"How important is it to make data publicly available so that results can be verified by other researchers?","DataExportTag":"Q13","QuestionType":"MC","Selector":"SAHR","SubSelector":"TX","Configuration":{"QuestionDescriptionOption":"UseText","LabelPosition":"BELOW"},"QuestionDescription":"How important is it to make data publicly available so that results can be verified by other rese...","Choices":{"1":{"Display":"1-not important at all"},"2":{"Display":"2-slightly important"},"3":{"Display":"3-moderately important"},"4":{"Display":"4-very important"},"5":{"Display":"5-extremely important"}},"ChoiceOrder":[1,2,3,4,5],"Validation":{"Settings":{"ForceResponse":"OFF","ForceResponseType":"ON","Type":"None"}},"Language":[],"QuestionID":"QID13","GradingData":[]}},{"SurveyID":"SV_1Opo4nmrQFts3RP","Element":"SQ","PrimaryAttribute":"QID14","SecondaryAttribute":"How important is it to report studies that \"don't work out\"?","TertiaryAttribute":null,"Payload":{"QuestionText":"How important is it to report studies that \"don't work out\"?","DataExportTag":"Q14","QuestionType":"MC","Selector":"SAHR","SubSelector":"TX","Configuration":{"QuestionDescriptionOption":"UseText","LabelPosition":"BELOW"},"QuestionDescription":"How important is it to report studies that \"don't work out\"?","Choices":{"1":{"Display":"1-not important at all"},"2":{"Display":"2-slightly important"},"3":{"Display":"3-moderately important"},"4":{"Display":"4-very important"},"5":{"Display":"5-extremely important"}},"ChoiceOrder":[1,2,3,4,5],"Validation":{"Settings":{"ForceResponse":"OFF","ForceResponseType":"ON","Type":"None"}},"GradingData":[],"Language":[],"QuestionID":"QID14"}},{"SurveyID":"SV_1Opo4nmrQFts3RP","Element":"SQ","PrimaryAttribute":"QID36","SecondaryAttribute":"How important is this thing?","TertiaryAttribute":null,"Payload":{"QuestionText":"How important is this thing?","DataExportTag":"Q37","QuestionType":"MC","Selector":"SAVR","SubSelector":"TX","Configuration":{"QuestionDescriptionOption":"UseText"},"QuestionDescription":"How important is this thing?","Choices":{"1":{"Display":"Extremely important"},"2":{"Display":"Very important"},"3":{"Display":"Moderately important"},"4":{"Display":"Slightly important"},"5":{"Display":"Not at all important"}},"ChoiceOrder":[1,2,3,4,5],"Validation":{"Settings":{"ForceResponse":"OFF","ForceResponseType":"ON","Type":"None"}},"Language":[],"QuestionID":"QID36"}},{"SurveyID":"SV_1Opo4nmrQFts3RP","Element":"SQ","PrimaryAttribute":"QID57","SecondaryAttribute":"How interested are you in reading the empirical article described in the media account?","TertiaryAttribute":null,"Payload":{"QuestionText":"How interested are you in reading the empirical article described in the media account?","DefaultChoices":false,"DataExportTag":"Q72","QuestionType":"MC","Selector":"SAHR","SubSelector":"TX","Configuration":{"QuestionDescriptionOption":"UseText","LabelPosition":"BELOW"},"QuestionDescription":"How interested are you in reading the empirical article described in the media account?","Choices":{"1":{"Display":"1-not at all interested"},"2":{"Display":"2"},"3":{"Display":"3"},"4":{"Display":"4"},"5":{"Display":"5"},"6":{"Display":"6"},"7":{"Display":"7-very interested"}},"ChoiceOrder":[1,2,3,4,5,6,7],"Validation":{"Settings":{"ForceResponse":"OFF","ForceResponseType":"ON","Type":"None"}},"GradingData":[],"Language":[],"QuestionID":"QID57"}},{"SurveyID":"SV_1Opo4nmrQFts3RP","Element":"SQ","PrimaryAttribute":"QID31","SecondaryAttribute":"How many psychology classes have you taken?","TertiaryAttribute":null,"Payload":{"QuestionText":"How many psychology classes have you taken?","DefaultChoices":false,"DataExportTag":"Q31","QuestionType":"TE","Selector":"SL","Configuration":{"QuestionDescriptionOption":"UseText"},"QuestionDescription":"How many psychology classes have you taken?","Validation":{"Settings":{"ForceResponse":"OFF","ForceResponseType":"ON","Type":"None"}},"GradingData":[],"Language":[],"QuestionID":"QID31"}},{"SurveyID":"SV_1Opo4nmrQFts3RP","Element":"SQ","PrimaryAttribute":"QID56","SecondaryAttribute":"How surprising were the results of this study?","TertiaryAttribute":null,"Payload":{"QuestionText":"How surprising were the results of this study?","DefaultChoices":false,"DataExportTag":"Q70","QuestionType":"MC","Selector":"SAHR","SubSelector":"TX","Configuration":{"QuestionDescriptionOption":"UseText","LabelPosition":"BELOW"},"QuestionDescription":"How surprising were the results of this study?","Choices":{"1":{"Display":"1-not at all surprising"},"2":{"Display":"2"},"3":{"Display":"3"},"4":{"Display":"4"},"5":{"Display":"5"},"6":{"Display":"6"},"7":{"Display":"7-very surprising"}},"ChoiceOrder":[1,2,3,4,5,6,7],"Validation":{"Settings":{"ForceResponse":"OFF","ForceResponseType":"ON","Type":"None"}},"GradingData":[],"Language":[],"QuestionID":"QID56"}},{"SurveyID":"SV_1Opo4nmrQFts3RP","Element":"SQ","PrimaryAttribute":"QID27","SecondaryAttribute":"How would you describe your racial\/ethnic background?","TertiaryAttribute":null,"Payload":{"QuestionText":"How would you describe your racial\/ethnic background?","DefaultChoices":false,"DataExportTag":"Q27","QuestionType":"MC","Selector":"MAVR","SubSelector":"TX","Configuration":{"QuestionDescriptionOption":"UseText"},"QuestionDescription":"How would you describe your racial\/ethnic background?","Choices":{"1":{"Display":"White"},"2":{"Display":"Black or African American"},"3":{"Display":"Hispanic or Latino"},"4":{"Display":"Asian"},"5":{"Display":"Native Hawaiian or Other Pacific Islander"},"6":{"Display":"American Indian or Alaskan Native"},"7":{"Display":"Multi-racial","TextEntry":"true"},"8":{"Display":"Other","TextEntry":"true"},"9":{"Display":"Don't Know\/Not Sure"}},"ChoiceOrder":[1,2,3,4,5,6,7,8,9],"Validation":{"Settings":{"ForceResponse":"OFF","ForceResponseType":"ON","Type":"None"}},"GradingData":[],"Language":[],"QuestionID":"QID27"}},{"SurveyID":"SV_1Opo4nmrQFts3RP","Element":"SQ","PrimaryAttribute":"QID58","SecondaryAttribute":"How would you rate the quality of the research described on the previous page?","TertiaryAttribute":null,"Payload":{"QuestionText":"How would you rate the quality of the research described on the previous page?","DefaultChoices":false,"DataExportTag":"Q74","QuestionType":"MC","Selector":"SAHR","SubSelector":"TX","Configuration":{"QuestionDescriptionOption":"UseText","LabelPosition":"BELOW"},"QuestionDescription":"How would you rate the quality of the research described on the previous page?","Choices":{"1":{"Display":"1-very low quality"},"2":{"Display":"2"},"3":{"Display":"3"},"4":{"Display":"4"},"5":{"Display":"5"},"6":{"Display":"6"},"7":{"Display":"7-very high quality"}},"ChoiceOrder":[1,2,3,4,5,6,7],"Validation":{"Settings":{"ForceResponse":"OFF","ForceResponseType":"ON","Type":"None"}},"GradingData":[],"Language":[],"QuestionID":"QID58"}},{"SurveyID":"SV_1Opo4nmrQFts3RP","Element":"SQ","PrimaryAttribute":"QID48","SecondaryAttribute":"I am interested in pursuing graduate school in psychology.","TertiaryAttribute":null,"Payload":{"QuestionText":"I am interested in pursuing graduate school in psychology.","DefaultChoices":false,"DataExportTag":"Q54","QuestionType":"MC","Selector":"SAHR","SubSelector":"TX","Configuration":{"QuestionDescriptionOption":"UseText","LabelPosition":"BELOW"},"QuestionDescription":"I am interested in pursuing graduate school in psychology.","Choices":{"1":{"Display":"strongly disagree"},"2":{"Display":"disagree"},"3":{"Display":"slightly disagree"},"4":{"Display":"neither disagree nor agree"},"5":{"Display":"slightly agree"},"6":{"Display":"agree"},"7":{"Display":"strongly agree"}},"ChoiceOrder":[1,2,3,4,5,6,7],"Validation":{"Settings":{"ForceResponse":"OFF","ForceResponseType":"ON","Type":"None"}},"GradingData":[],"Language":[],"QuestionID":"QID48"}},{"SurveyID":"SV_1Opo4nmrQFts3RP","Element":"SQ","PrimaryAttribute":"QID44","SecondaryAttribute":"I like psychology.","TertiaryAttribute":null,"Payload":{"QuestionText":"I like psychology.","DefaultChoices":false,"DataExportTag":"Q46","QuestionType":"MC","Selector":"SAHR","SubSelector":"TX","Configuration":{"QuestionDescriptionOption":"UseText","LabelPosition":"BELOW"},"QuestionDescription":"I like psychology.","Choices":{"1":{"Display":"strongly disagree"},"2":{"Display":"disagree"},"3":{"Display":"slightly disagree"},"4":{"Display":"neither disagree nor agree"},"5":{"Display":"slightly agree"},"6":{"Display":"agree"},"7":{"Display":"strongly agree"}},"ChoiceOrder":[1,2,3,4,5,6,7],"Validation":{"Settings":{"ForceResponse":"OFF","ForceResponseType":"ON","Type":"None"}},"GradingData":[],"Language":[],"QuestionID":"QID44"}},{"SurveyID":"SV_1Opo4nmrQFts3RP","Element":"SQ","PrimaryAttribute":"QID45","SecondaryAttribute":"I think psychological research is similar to research in fields like chemistry, physics, or biology.","TertiaryAttribute":null,"Payload":{"QuestionText":"I think psychological research is similar to research in fields like chemistry, physics, or biology.","DefaultChoices":false,"DataExportTag":"Q48","QuestionType":"MC","Selector":"SAHR","SubSelector":"TX","Configuration":{"QuestionDescriptionOption":"UseText","LabelPosition":"BELOW"},"QuestionDescription":"I think psychological research is similar to research in fields like chemistry, physics, or biology.","Choices":{"1":{"Display":"strongly disagree"},"2":{"Display":"disagree"},"3":{"Display":"slightly disagree"},"4":{"Display":"neither disagree nor agree"},"5":{"Display":"slightly agree"},"6":{"Display":"agree"},"7":{"Display":"strongly agree"}},"ChoiceOrder":[1,2,3,4,5,6,7],"Validation":{"Settings":{"ForceResponse":"OFF","ForceResponseType":"ON","Type":"None"}},"GradingData":[],"Language":[],"QuestionID":"QID45"}},{"SurveyID":"SV_1Opo4nmrQFts3RP","Element":"SQ","PrimaryAttribute":"QID46","SecondaryAttribute":"I think psychological research is similar to research in fields like philosophy, literature, or m...","TertiaryAttribute":null,"Payload":{"QuestionText":"I think psychological research is similar to research in fields like philosophy, literature, or modern languages.","DefaultChoices":false,"DataExportTag":"Q50","QuestionType":"MC","Selector":"SAHR","SubSelector":"TX","Configuration":{"QuestionDescriptionOption":"UseText","LabelPosition":"BELOW"},"QuestionDescription":"I think psychological research is similar to research in fields like philosophy, literature, or m...","Choices":{"1":{"Display":"strongly disagree"},"2":{"Display":"disagree"},"3":{"Display":"slightly disagree"},"4":{"Display":"neither disagree nor agree"},"5":{"Display":"slightly agree"},"6":{"Display":"agree"},"7":{"Display":"strongly agree"}},"ChoiceOrder":[1,2,3,4,5,6,7],"Validation":{"Settings":{"ForceResponse":"OFF","ForceResponseType":"ON","Type":"None"}},"GradingData":[],"Language":[],"QuestionID":"QID46"}},{"SurveyID":"SV_1Opo4nmrQFts3RP","Element":"SQ","PrimaryAttribute":"QID47","SecondaryAttribute":"I think psychology is a \"soft\" science.","TertiaryAttribute":null,"Payload":{"QuestionText":"I think psychology is a \"soft\" science.","DefaultChoices":false,"DataExportTag":"Q52","QuestionType":"MC","Selector":"SAHR","SubSelector":"TX","Configuration":{"QuestionDescriptionOption":"UseText","LabelPosition":"BELOW"},"QuestionDescription":"I think psychology is a \"soft\" science.","Choices":{"1":{"Display":"strongly disagree"},"2":{"Display":"disagree"},"3":{"Display":"slightly disagree"},"4":{"Display":"neither disagree nor agree"},"5":{"Display":"slightly agree"},"6":{"Display":"agree"},"7":{"Display":"strongly agree"}},"ChoiceOrder":[1,2,3,4,5,6,7],"Validation":{"Settings":{"ForceResponse":"OFF","ForceResponseType":"ON","Type":"None"}},"GradingData":[],"Language":[],"QuestionID":"QID47"}},{"SurveyID":"SV_1Opo4nmrQFts3RP","Element":"SQ","PrimaryAttribute":"QID49","SecondaryAttribute":"I trust the results of studies done by psychologists.","TertiaryAttribute":null,"Payload":{"QuestionText":"I trust the results of studies done by psychologists.","DefaultChoices":false,"DataExportTag":"Q56","QuestionType":"MC","Selector":"SAHR","SubSelector":"TX","Configuration":{"QuestionDescriptionOption":"UseText","LabelPosition":"BELOW"},"QuestionDescription":"I trust the results of studies done by psychologists.","Choices":{"1":{"Display":"strongly disagree"},"2":{"Display":"disagree"},"3":{"Display":"slightly disagree"},"4":{"Display":"neither disagree nor agree"},"5":{"Display":"slightly agree"},"6":{"Display":"agree"},"7":{"Display":"strongly agree"}},"ChoiceOrder":[1,2,3,4,5,6,7],"Validation":{"Settings":{"ForceResponse":"OFF","ForceResponseType":"ON","Type":"None"}},"GradingData":[],"Language":[],"QuestionID":"QID49"}},{"SurveyID":"SV_1Opo4nmrQFts3RP","Element":"SQ","PrimaryAttribute":"QID55","SecondaryAttribute":"If another group of researchers were to run a study similar to the studies described on the previ...","TertiaryAttribute":null,"Payload":{"QuestionText":"If another group of researchers were to run a study similar to the studies described on the previous page, how likely is it that this additional study would reach similar conclusions?","DefaultChoices":false,"DataExportTag":"Q68","QuestionType":"MC","Selector":"SAHR","SubSelector":"TX","Configuration":{"QuestionDescriptionOption":"UseText","LabelPosition":"BELOW"},"QuestionDescription":"If another group of researchers were to run a study similar to the studies described on the previ...","Choices":{"1":{"Display":"1-very unlikely"},"2":{"Display":"2"},"3":{"Display":"3"},"4":{"Display":"4"},"5":{"Display":"5"},"6":{"Display":"6"},"7":{"Display":"7-very likely"}},"ChoiceOrder":[1,2,3,4,5,6,7],"Validation":{"Settings":{"ForceResponse":"OFF","ForceResponseType":"ON","Type":"None"}},"GradingData":[],"Language":[],"QuestionID":"QID55"}},{"SurveyID":"SV_1Opo4nmrQFts3RP","Element":"SQ","PrimaryAttribute":"QID9","SecondaryAttribute":"It is important for a researcher to disclose all measures and experimental conditions that were i...","TertiaryAttribute":null,"Payload":{"QuestionText":"It is important for a researcher to disclose all measures and experimental conditions that were included in a study.","DefaultChoices":false,"DataExportTag":"Q10","QuestionType":"MC","Selector":"SAHR","SubSelector":"TX","Configuration":{"QuestionDescriptionOption":"UseText","LabelPosition":"BELOW"},"QuestionDescription":"It is important for a researcher to disclose all measures and experimental conditions that were i...","Choices":{"1":{"Display":"disagree strongly"},"2":{"Display":"disagree"},"3":{"Display":"disagree slightly"},"4":{"Display":"neither disagree nor agree"},"5":{"Display":"agree slightly"},"6":{"Display":"agree"},"7":{"Display":"agree strongly"}},"ChoiceOrder":[1,2,3,4,5,6,7],"Validation":{"Settings":{"ForceResponse":"OFF","ForceResponseType":"ON","Type":"None"}},"GradingData":[],"Language":[],"QuestionID":"QID9"}},{"SurveyID":"SV_1Opo4nmrQFts3RP","Element":"SQ","PrimaryAttribute":"QID8","SecondaryAttribute":"It is important for a researcher to report all measures and experimental conditions that were inc...","TertiaryAttribute":null,"Payload":{"QuestionText":"It is important for a researcher to report all measures and experimental conditions that were included in a study.","DefaultChoices":false,"DataExportTag":"Q9","QuestionType":"MC","Selector":"SAHR","SubSelector":"TX","Configuration":{"QuestionDescriptionOption":"UseText","LabelPosition":"BELOW"},"QuestionDescription":"It is important for a researcher to report all measures and experimental conditions that were inc...","Choices":{"1":{"Display":"disagree strongly"},"2":{"Display":"disagree"},"3":{"Display":"disagree slightly"},"4":{"Display":"neither disagree nor agree"},"5":{"Display":"agree slightly"},"6":{"Display":"agree"},"7":{"Display":"agree strongly"}},"ChoiceOrder":[1,2,3,4,5,6,7],"Validation":{"Settings":{"ForceResponse":"OFF","ForceResponseType":"ON","Type":"None"}},"GradingData":[],"Language":[],"QuestionID":"QID8"}},{"SurveyID":"SV_1Opo4nmrQFts3RP","Element":"SQ","PrimaryAttribute":"QID15","SecondaryAttribute":"Looking at your answer to the previous question, why do you think this way?","TertiaryAttribute":null,"Payload":{"QuestionText":"Looking at your answer to the previous question, why do you think this way?","DefaultChoices":false,"DataExportTag":"Q15","QuestionType":"TE","Selector":"ESTB","Configuration":{"QuestionDescriptionOption":"UseText"},"QuestionDescription":"Looking at your answer to the previous question, why do you think this way?","Validation":{"Settings":{"ForceResponse":"OFF","ForceResponseType":"ON","Type":"None"}},"GradingData":[],"Language":[],"QuestionID":"QID15"}},{"SurveyID":"SV_1Opo4nmrQFts3RP","Element":"SQ","PrimaryAttribute":"QID50","SecondaryAttribute":"On the next page, you will read a media summary of a recently published study. Please read this s...","TertiaryAttribute":null,"Payload":{"QuestionText":"On the next page, you will read a media summary of a recently published study. Please read this summary carefully and answer the questions about your impressions of the article.","DefaultChoices":false,"DataExportTag":"Q58","QuestionType":"DB","Selector":"TB","Configuration":{"QuestionDescriptionOption":"UseText"},"QuestionDescription":"On the next page, you will read a media summary of a recently published study. Please read this s...","ChoiceOrder":[],"Validation":{"Settings":{"Type":"None"}},"GradingData":[],"Language":[],"QuestionID":"QID50"}},{"SurveyID":"SV_1Opo4nmrQFts3RP","Element":"SQ","PrimaryAttribute":"QID59","SecondaryAttribute":"Please choose the third option on the scale below (i.e., #3).","TertiaryAttribute":null,"Payload":{"QuestionText":"Please choose the third option on the scale below (i.e., #3).","DefaultChoices":false,"DataExportTag":"Q76","QuestionType":"MC","Selector":"SAHR","SubSelector":"TX","Configuration":{"QuestionDescriptionOption":"UseText","LabelPosition":"BELOW"},"QuestionDescription":"Please choose the third option on the scale below (i.e., #3).","Choices":{"1":{"Display":"1-very low quality"},"2":{"Display":"2"},"3":{"Display":"3"},"4":{"Display":"4"},"5":{"Display":"5"},"6":{"Display":"6"},"7":{"Display":"7-very high quality"}},"ChoiceOrder":[1,2,3,4,5,6,7],"Validation":{"Settings":{"ForceResponse":"OFF","ForceResponseType":"ON","Type":"None"}},"GradingData":[],"Language":[],"QuestionID":"QID59"}},{"SurveyID":"SV_1Opo4nmrQFts3RP","Element":"SQ","PrimaryAttribute":"QID2","SecondaryAttribute":"Please indicate your agreement with the following statements. Please answer each question honestly.","TertiaryAttribute":null,"Payload":{"QuestionText":"Please indicate your agreement with the following statements. Please answer each question honestly.","DefaultChoices":false,"DataExportTag":"Q2","QuestionID":"QID2","QuestionType":"DB","Selector":"TB","Configuration":{"QuestionDescriptionOption":"UseText"},"QuestionDescription":"Please indicate your agreement with the following statements. Please answer each question honestly.","ChoiceOrder":[],"Validation":{"Settings":{"Type":"None"}},"GradingData":[],"Language":[]}},{"SurveyID":"SV_1Opo4nmrQFts3RP","Element":"SQ","PrimaryAttribute":"QID10","SecondaryAttribute":"Please rate how important you consider each aspect of study designs.","TertiaryAttribute":null,"Payload":{"QuestionText":"Please rate how important you consider each aspect of study designs.","DefaultChoices":false,"DataExportTag":"Q11","QuestionID":"QID10","QuestionType":"DB","Selector":"TB","Configuration":{"QuestionDescriptionOption":"UseText"},"QuestionDescription":"Please rate how important you consider each aspect of study designs.","ChoiceOrder":[],"Validation":{"Settings":{"Type":"None"}},"GradingData":[],"Language":[]}},{"SurveyID":"SV_1Opo4nmrQFts3RP","Element":"SQ","PrimaryAttribute":"QID5","SecondaryAttribute":"Psychologists do not plan their studies well enough in advance.","TertiaryAttribute":null,"Payload":{"QuestionText":"Psychologists do not plan their studies well enough in advance.","DefaultChoices":false,"DataExportTag":"Q6","QuestionType":"MC","Selector":"SAHR","SubSelector":"TX","Configuration":{"QuestionDescriptionOption":"UseText","LabelPosition":"BELOW"},"QuestionDescription":"Psychologists do not plan their studies well enough in advance.","Choices":{"1":{"Display":"disagree strongly"},"2":{"Display":"disagree slightly"},"3":{"Display":"disagree"},"4":{"Display":"neither disagree nor agree"},"5":{"Display":"agree"},"6":{"Display":"agree slightly"},"7":{"Display":"agree strongly"}},"ChoiceOrder":[1,2,3,4,5,6,7],"Validation":{"Settings":{"ForceResponse":"OFF","ForceResponseType":"ON","Type":"None"}},"GradingData":[],"Language":[],"QuestionID":"QID5"}},{"SurveyID":"SV_1Opo4nmrQFts3RP","Element":"SQ","PrimaryAttribute":"QID37","SecondaryAttribute":"Replication of research is only a problem in the field of psychology.","TertiaryAttribute":null,"Payload":{"QuestionText":"Replication of research is only a problem in the field of psychology.","DefaultChoices":false,"DataExportTag":"Q37","QuestionType":"MC","Selector":"SAHR","SubSelector":"TX","Configuration":{"QuestionDescriptionOption":"UseText","LabelPosition":"BELOW"},"QuestionDescription":"Replication of research is only a problem in the field of psychology.","Choices":{"1":{"Display":"disagree strongly"},"2":{"Display":"disagree"},"3":{"Display":"disagree slightly"},"4":{"Display":"neither disagree nor agree"},"5":{"Display":"agree slightly"},"6":{"Display":"agree"},"7":{"Display":"agree strongly"}},"ChoiceOrder":[1,2,3,4,5,6,7],"Validation":{"Settings":{"ForceResponse":"OFF","ForceResponseType":"ON","Type":"None"}},"GradingData":[],"Language":[],"QuestionID":"QID37"}},{"SurveyID":"SV_1Opo4nmrQFts3RP","Element":"SQ","PrimaryAttribute":"QID39","SecondaryAttribute":"Researchers who perform replication studies are not qualified to conduct psychological research.","TertiaryAttribute":null,"Payload":{"QuestionText":"Researchers who perform replication studies are not qualified to conduct psychological research.","DefaultChoices":false,"DataExportTag":"Q39","QuestionType":"MC","Selector":"SAHR","SubSelector":"TX","Configuration":{"QuestionDescriptionOption":"UseText","LabelPosition":"BELOW"},"QuestionDescription":"Researchers who perform replication studies are not qualified to conduct psychological research.","Choices":{"1":{"Display":"disagree strongly"},"2":{"Display":"disagree"},"3":{"Display":"disagree slightly"},"4":{"Display":"neither disagree nor agree"},"5":{"Display":"agree slightly"},"6":{"Display":"agree"},"7":{"Display":"agree strongly"}},"ChoiceOrder":[1,2,3,4,5,6,7],"Validation":{"Settings":{"ForceResponse":"OFF","ForceResponseType":"ON","Type":"None"}},"GradingData":[],"Language":[],"QuestionID":"QID39"}},{"SurveyID":"SV_1Opo4nmrQFts3RP","Element":"SQ","PrimaryAttribute":"QID40","SecondaryAttribute":"Studies that receive a lot of media attention are often reliable.","TertiaryAttribute":null,"Payload":{"QuestionText":"Studies that receive a lot of media attention are often reliable.","DefaultChoices":false,"DataExportTag":"Q40","QuestionType":"MC","Selector":"SAHR","SubSelector":"TX","Configuration":{"QuestionDescriptionOption":"UseText","LabelPosition":"BELOW"},"QuestionDescription":"Studies that receive a lot of media attention are often reliable.","Choices":{"1":{"Display":"disagree strongly"},"2":{"Display":"disagree"},"3":{"Display":"disagree slightly"},"4":{"Display":"neither disagree nor agree"},"5":{"Display":"agree slightly"},"6":{"Display":"agree"},"7":{"Display":"agree strongly"}},"ChoiceOrder":[1,2,3,4,5,6,7],"Validation":{"Settings":{"ForceResponse":"OFF","ForceResponseType":"ON","Type":"None"}},"GradingData":[],"Language":[],"QuestionID":"QID40"}},{"SurveyID":"SV_1Opo4nmrQFts3RP","Element":"SQ","PrimaryAttribute":"QID52","SecondaryAttribute":"Study Links Warm Hands, Warm Heart \u00a0 If you're going out on a date anytime soon, you may find thi..","TertiaryAttribute":null,"Payload":{"QuestionText":"<p><span style=\"font-size:24px;\"><span style=\"font-family: 'Times New Roman', serif;\">Study Links Warm Hands, Warm Heart<\/span><\/span><\/p>\n\n<p>&nbsp;<\/p>\n\n<p><span style=\"font-size:12.0pt;font-family:&quot;Times New Roman&quot;,&quot;serif&quot;\">If you're going out on a date anytime soon, you may find this bit of science news useful: In a carefully controlled experiment, people who held something warm were more likely to perceive someone else as emotionally \"warm\" \u2013 and they were more likely to behave in a friendly, generous way themselves.&nbsp;<\/span><\/p>\n\n<p>&nbsp;<\/p>\n\n<p><span style=\"font-size:12.0pt;font-family:&quot;Times New Roman&quot;,&quot;serif&quot;\">So order the soup, not the salad.<o:p><\/o:p><\/span><\/p>\n\n<p>&nbsp;<\/p>\n\n<p><span style=\"font-size:12.0pt;font-family:&quot;Times New Roman&quot;,&quot;serif&quot;\">The student volunteers didn't realize when the experiment started. They showed up at Yale University's psychology building and met their contact near the elevators. She was holding some textbooks and a cup of coffee.<o:p><\/o:p><\/span><\/p>\n\n<p>&nbsp;<\/p>\n\n<p><span style=\"font-size:12.0pt;font-family:&quot;Times New Roman&quot;,&quot;serif&quot;\">Lawrence Williams, who teaches at the University of Colorado, helped design the experiment while he was a doctoral student at Yale. He published his results in this week's issue of the journal Science. The woman with the coffee was his confederate. She knew what she was supposed to do, but she didn't know why. One by one, she took the students up to the fourth floor in an elevator. As they rode up, the woman asked students, \"in a pretty innocuous way, if they wouldn't mind holding her coffee cup while she wrote down some information,\" Williams explained.&nbsp;<\/span><\/p>\n\n<p>&nbsp;<\/p>\n\n<p><span style=\"font-size:12.0pt;font-family:&quot;Times New Roman&quot;,&quot;serif&quot;\">Of the 41 students that participated in the study, half the students got to hold hot coffee\u037e half got iced coffee. They held the cup for only a few seconds. But that short experience must have changed something in their brains. When they arrived at the fourth floor, they filled out questionnaires. They read a short description of a hypothetical person \u2014 Person A \u2014 and they had to evaluate this stranger's personality.&nbsp;<\/span><\/p>\n\n<p>&nbsp;<\/p>\n\n<p><span style=\"font-size:12.0pt;font-family:&quot;Times New Roman&quot;,&quot;serif&quot;\">In Touch With Emotions<\/span><\/p><p><span style=\"font-size:12.0pt;font-family:&quot;Times New Roman&quot;,&quot;serif&quot;\">He<\/span><span style=\"font-family: 'Times New Roman', serif; font-size: 12pt;\">re's where the coffee's influence became apparent. \"Participants who held the hot coffee cup rated this Person A as more generous, more social, happier, better natured\" than participants who held the iced coffee cup, Williams said. Williams thinks it's no coincidence that we use the same word \u2014 warmth \u2014 to describe both a physical and an emotional experience. Somewhere in the brain, those two sensations are linked, he says. And you can imagine why: Think of a baby held in its mother's arms. The child is experiencing love, affection, comfort.<\/span><\/p>\n\n<p>&nbsp;<\/p>\n\n<p><span style=\"font-size:12.0pt;font-family:&quot;Times New Roman&quot;,&quot;serif&quot;\">\"But you also have, at the same time, an experience with a warm object, in that case a warm human being,\" Williams said.<o:p><\/o:p><\/span><\/p>\n\n<p>&nbsp;<\/p>\n\n<p><span style=\"font-size:12.0pt;font-family:&quot;Times New Roman&quot;,&quot;serif&quot;\">Williams carried out a related experiment with 53 participants to confirm this connection. Some student volunteers were asked to evaluate a hot pad, the kind used to treat injuries. Others held a cold pad.<o:p><\/o:p><\/span><\/p>\n\n<p>&nbsp;<\/p>\n\n<p><span style=\"font-size:12.0pt;font-family:&quot;Times New Roman&quot;,&quot;serif&quot;\">They got to choose a reward for participating. Those rewards \u2014 sometimes a fruit drink, sometimes ice cream \u2014 were described either as something for the volunteers to enjoy themselves or to give as a gift to a friend.<o:p><\/o:p><\/span><\/p>\n\n<p>&nbsp;<\/p>\n\n<p><span style=\"font-size:12.0pt;font-family:&quot;Times New Roman&quot;,&quot;serif&quot;\">Cold Item, Cool Response<o:p><\/o:p><\/span><\/p>\n\n<p><span style=\"font-size:12.0pt;font-family:&quot;Times New Roman&quot;,&quot;serif&quot;\">\"Participants who held and evaluated the hot pad ... were more likely to choose a gift for a friend,\" Williams said, while those \"who held the cold pad were more likely to choose the gift for themselves.\"<o:p><\/o:p><\/span><\/p>\n\n<p><span style=\"font-size:12.0pt;font-family:&quot;Times New Roman&quot;,&quot;serif&quot;\">Apparently, holding something warm made them feel more generous. If nothing else, said Williams, the experiment demonstrates the tight connection between our minds and bodies.<o:p><\/o:p><\/span><\/p>\n\n<p>&nbsp;<\/p>\n\n<p><span style=\"font-size:12.0pt;font-family:&quot;Times New Roman&quot;,&quot;serif&quot;\">In fact, some scientists think emotions actually start in the body. Andreas Meyer-Lindenberg, director of Germany's Central Institute for Mental Health in the city of Mannheim, notes a controversial theory that fear and happiness start as physical reactions. That signals the brain and allows us to feel the emotion. In this hypothesis, he said, a disembodied head \"wouldn't be able to feel these emotions, because they are signatures that actually come from the body and are registered in the brain.\"&nbsp;<\/span><\/p>\n\n<p>&nbsp;<\/p>\n\n<p><span style=\"font-size:12.0pt;font-family:&quot;Times New Roman&quot;,&quot;serif&quot;\">After he read about this experiment, Meyer Lindenberg says, he made a mental note:&nbsp;<\/span><span style=\"font-family: 'Times New Roman', serif; font-size: 12pt;\">At his institute's next advisory council meeting, everybody gets something hot to drink.<\/span><\/p>","DefaultChoices":false,"DataExportTag":"Q62","QuestionType":"DB","Selector":"TB","Configuration":{"QuestionDescriptionOption":"UseText"},"QuestionDescription":"Study Links Warm Hands, Warm Heart \u00a0 If you're going out on a date anytime soon, you may find thi...","ChoiceOrder":[],"Validation":{"Settings":{"Type":"None"}},"GradingData":[],"Language":[],"QuestionID":"QID52"}},{"SurveyID":"SV_1Opo4nmrQFts3RP","Element":"SQ","PrimaryAttribute":"QID4","SecondaryAttribute":"The field of psychology has problems replicating results.","TertiaryAttribute":null,"Payload":{"DataExportTag":"Q5","QuestionType":"MC","Selector":"SAHR","SubSelector":"TX","Configuration":{"QuestionDescriptionOption":"UseText","LabelPosition":"BELOW"},"Choices":{"1":{"Display":"disagree strongly"},"2":{"Display":"disagree"},"3":{"Display":"disagree slightly"},"4":{"Display":"neither disagree nor agree"},"5":{"Display":"agree slightly"},"6":{"Display":"agree"},"7":{"Display":"agree strongly"}},"ChoiceOrder":[1,2,3,4,5,6,7],"Validation":{"Settings":{"ForceResponse":"OFF","ForceResponseType":"ON","Type":"None"}},"Language":[],"QuestionID":"QID4","QuestionText":"The field of psychology has problems replicating results.","QuestionDescription":"The field of psychology has problems replicating results.","GradingData":[],"DefaultChoices":false}},{"SurveyID":"SV_1Opo4nmrQFts3RP","Element":"SQ","PrimaryAttribute":"QID16","SecondaryAttribute":"The incentive structure in psychological research can undermine the broader goals of science.","TertiaryAttribute":null,"Payload":{"QuestionText":"The incentive structure in psychological research can undermine the broader goals of science.","DefaultChoices":false,"DataExportTag":"Q16","QuestionType":"MC","Selector":"SAHR","SubSelector":"TX","Configuration":{"QuestionDescriptionOption":"UseText","LabelPosition":"BELOW"},"QuestionDescription":"The incentive structure in psychological research can undermine the broader goals of science.","Choices":{"1":{"Display":"disagree strongly"},"2":{"Display":"disagree"},"3":{"Display":"disagree slightly"},"4":{"Display":"neither disagree nor agree"},"5":{"Display":"agree slightly"},"6":{"Display":"agree"},"7":{"Display":"agree strongly"}},"ChoiceOrder":[1,2,3,4,5,6,7],"Validation":{"Settings":{"ForceResponse":"OFF","ForceResponseType":"ON","Type":"None"}},"GradingData":[],"Language":[],"QuestionID":"QID16"}},{"SurveyID":"SV_1Opo4nmrQFts3RP","Element":"SQ","PrimaryAttribute":"QID38","SecondaryAttribute":"The results from studies with low statistical power are by definition incorrect.","TertiaryAttribute":null,"Payload":{"QuestionText":"The results from studies with low statistical power are by definition incorrect.","DefaultChoices":false,"DataExportTag":"Q38","QuestionType":"MC","Selector":"SAHR","SubSelector":"TX","Configuration":{"QuestionDescriptionOption":"UseText","LabelPosition":"BELOW"},"QuestionDescription":"The results from studies with low statistical power are by definition incorrect.","Choices":{"1":{"Display":"disagree strongly"},"2":{"Display":"disagree"},"3":{"Display":"disagree slightly"},"4":{"Display":"neither disagree nor agree"},"5":{"Display":"agree slightly"},"6":{"Display":"agree"},"7":{"Display":"agree strongly"}},"ChoiceOrder":[1,2,3,4,5,6,7],"Validation":{"Settings":{"ForceResponse":"OFF","ForceResponseType":"ON","Type":"None"}},"GradingData":[],"Language":[],"QuestionID":"QID38"}},{"SurveyID":"SV_1Opo4nmrQFts3RP","Element":"SQ","PrimaryAttribute":"QID1","SecondaryAttribute":"This week, your instructor gave a lecture on best practices in psychology.\u00a0 On the first few page..","TertiaryAttribute":null,"Payload":{"QuestionText":"This week, your instructor gave a lecture on best practices in psychology.&nbsp;<div><br><\/div><div>On the first few pages, you will be asked to complete a questionnaire that looks very similar to one you completed earlier. You will also be asked to read a media summary of a recently published study and asked questions about it, which you also did in the first survey.<\/div><div><br><\/div><div>After these questions and the media summary, you will be asked about your thoughts about the content of the Best Practices lecture and psychological research in general.<div><br><\/div><div>At the end of the survey, you will be asked to provide your NETID (email address) as proof of your participation.<\/div><\/div>","DefaultChoices":false,"DataExportTag":"Q1","QuestionType":"DB","Selector":"TB","Configuration":{"QuestionDescriptionOption":"UseText"},"QuestionDescription":"This week, your instructor gave a lecture on best practices in psychology.\u00a0 On the first few page...","ChoiceOrder":[],"Validation":{"Settings":{"Type":"None"}},"GradingData":[],"Language":[],"QuestionID":"QID1"}},{"SurveyID":"SV_1Opo4nmrQFts3RP","Element":"SQ","PrimaryAttribute":"QID51","SecondaryAttribute":"Timing","TertiaryAttribute":null,"Payload":{"QuestionText":"Timing","DefaultChoices":false,"DataExportTag":"Q60","QuestionType":"Timing","Selector":"PageTimer","Configuration":{"QuestionDescriptionOption":"UseText","MinSeconds":"0","MaxSeconds":"0"},"QuestionDescription":"Timing","Choices":{"1":{"Display":"First Click"},"2":{"Display":"Last Click"},"3":{"Display":"Page Submit"},"4":{"Display":"Click Count"}},"GradingData":[],"Language":[],"QuestionID":"QID51"}},{"SurveyID":"SV_1Opo4nmrQFts3RP","Element":"SQ","PrimaryAttribute":"QID33","SecondaryAttribute":"We are interested in your feedback. If you have any additional comments or suggestions, please en...","TertiaryAttribute":null,"Payload":{"QuestionText":"We are interested in your feedback. If you have any additional comments or suggestions, please enter them in the box below.","DefaultChoices":false,"DataExportTag":"Q33","QuestionType":"TE","Selector":"ESTB","Configuration":{"QuestionDescriptionOption":"UseText"},"QuestionDescription":"We are interested in your feedback. If you have any additional comments or suggestions, please en...","Validation":{"Settings":{"ForceResponse":"OFF","ForceResponseType":"ON","Type":"None"}},"GradingData":[],"Language":[],"QuestionID":"QID33"}},{"SurveyID":"SV_1Opo4nmrQFts3RP","Element":"SQ","PrimaryAttribute":"QID21","SecondaryAttribute":"What are some potential problems if psychological studies do not replicate?","TertiaryAttribute":null,"Payload":{"QuestionText":"What are some potential problems if psychological studies do not replicate?","DefaultChoices":false,"DataExportTag":"Q21","QuestionType":"TE","Selector":"ESTB","Configuration":{"QuestionDescriptionOption":"UseText"},"QuestionDescription":"What are some potential problems if psychological studies do not replicate?","Validation":{"Settings":{"ForceResponse":"OFF","ForceResponseType":"ON","Type":"None"}},"GradingData":[],"Language":[],"QuestionID":"QID21"}},{"SurveyID":"SV_1Opo4nmrQFts3RP","Element":"SQ","PrimaryAttribute":"QID20","SecondaryAttribute":"What are some things that can be done to increase reproducibility in psychological research?","TertiaryAttribute":null,"Payload":{"QuestionText":"What are some things that can be done to increase reproducibility in psychological research?","DefaultChoices":false,"DataExportTag":"Q20","QuestionType":"TE","Selector":"ESTB","Configuration":{"QuestionDescriptionOption":"UseText"},"QuestionDescription":"What are some things that can be done to increase reproducibility in psychological research?","Validation":{"Settings":{"ForceResponse":"OFF","ForceResponseType":"ON","Type":"None"}},"GradingData":[],"Language":[],"QuestionID":"QID20"}},{"SurveyID":"SV_1Opo4nmrQFts3RP","Element":"SQ","PrimaryAttribute":"QID62","SecondaryAttribute":"What did you think was the most interesting part of the Best Practices lecture?","TertiaryAttribute":null,"Payload":{"QuestionText":"What did you think was the most interesting part of the Best Practices lecture?","DefaultChoices":false,"DataExportTag":"Q62","QuestionType":"TE","Selector":"ESTB","Configuration":{"QuestionDescriptionOption":"UseText"},"QuestionDescription":"What did you think was the most interesting part of the Best Practices lecture?","Validation":{"Settings":{"ForceResponse":"OFF","ForceResponseType":"ON","Type":"None"}},"GradingData":[],"Language":[],"QuestionID":"QID62"}},{"SurveyID":"SV_1Opo4nmrQFts3RP","Element":"SQ","PrimaryAttribute":"QID61","SecondaryAttribute":"What do you find most confusing about the Best Practices lecture?","TertiaryAttribute":null,"Payload":{"QuestionText":"What do you find most confusing about the Best Practices lecture?","DefaultChoices":false,"DataExportTag":"Q61","QuestionType":"TE","Selector":"ESTB","Configuration":{"QuestionDescriptionOption":"UseText"},"QuestionDescription":"What do you find most confusing about the Best Practices lecture?","Validation":{"Settings":{"ForceResponse":"OFF","ForceResponseType":"ON","Type":"None"}},"GradingData":[],"Language":[],"QuestionID":"QID61"}},{"SurveyID":"SV_1Opo4nmrQFts3RP","Element":"SQ","PrimaryAttribute":"QID23","SecondaryAttribute":"What does a solid, reproducible psychological study look like?","TertiaryAttribute":null,"Payload":{"QuestionText":"What does a solid, reproducible psychological study look like?","DefaultChoices":false,"DataExportTag":"Q23","QuestionType":"TE","Selector":"ESTB","Configuration":{"QuestionDescriptionOption":"UseText"},"QuestionDescription":"What does a solid, reproducible psychological study look like?","Validation":{"Settings":{"ForceResponse":"OFF","ForceResponseType":"ON","Type":"None"}},"GradingData":[],"Language":[],"QuestionID":"QID23"}},{"SurveyID":"SV_1Opo4nmrQFts3RP","Element":"SQ","PrimaryAttribute":"QID25","SecondaryAttribute":"What is your age?","TertiaryAttribute":null,"Payload":{"QuestionText":"What is your age?","DefaultChoices":false,"DataExportTag":"Q25","QuestionType":"TE","Selector":"SL","Configuration":{"QuestionDescriptionOption":"UseText"},"QuestionDescription":"What is your age?","Choices":{"1":{"Display":"years"}},"ChoiceOrder":[1],"Validation":{"Settings":{"ForceResponse":"OFF","ForceResponseType":"ON","Type":"None"}},"GradingData":[],"Language":[],"QuestionID":"QID25"}},{"SurveyID":"SV_1Opo4nmrQFts3RP","Element":"SQ","PrimaryAttribute":"QID26","SecondaryAttribute":"What is your gender?","TertiaryAttribute":null,"Payload":{"QuestionText":"What is your gender?","DefaultChoices":false,"DataExportTag":"Q26","QuestionType":"TE","Selector":"SL","Configuration":{"QuestionDescriptionOption":"UseText"},"QuestionDescription":"What is your gender?","Validation":{"Settings":{"ForceResponse":"OFF","ForceResponseType":"ON","Type":"None"}},"GradingData":[],"Language":[],"QuestionID":"QID26"}},{"SurveyID":"SV_1Opo4nmrQFts3RP","Element":"SQ","PrimaryAttribute":"QID30","SecondaryAttribute":"What is your GPA?","TertiaryAttribute":null,"Payload":{"QuestionText":"What is your GPA?","DefaultChoices":false,"DataExportTag":"Q30","QuestionType":"TE","Selector":"SL","Configuration":{"QuestionDescriptionOption":"UseText"},"QuestionDescription":"What is your GPA?","Validation":{"Settings":{"ForceResponse":"OFF","ForceResponseType":"ON","Type":"None"}},"GradingData":[],"Language":[],"QuestionID":"QID30"}},{"SurveyID":"SV_1Opo4nmrQFts3RP","Element":"SQ","PrimaryAttribute":"QID29","SecondaryAttribute":"What is your major?","TertiaryAttribute":null,"Payload":{"QuestionText":"What is your major?","DefaultChoices":false,"DataExportTag":"Q29","QuestionType":"TE","Selector":"SL","Configuration":{"QuestionDescriptionOption":"UseText"},"QuestionDescription":"What is your major?","Validation":{"Settings":{"ForceResponse":"OFF","ForceResponseType":"ON","Type":"None"}},"GradingData":[],"Language":[],"QuestionID":"QID29"}},{"SurveyID":"SV_1Opo4nmrQFts3RP","Element":"SQ","PrimaryAttribute":"QID60","SecondaryAttribute":"What were your impressions and thoughts about this study?","TertiaryAttribute":null,"Payload":{"QuestionText":"What were your impressions and thoughts about this study?","DefaultChoices":false,"DataExportTag":"Q78","QuestionType":"TE","Selector":"ESTB","Configuration":{"QuestionDescriptionOption":"UseText"},"QuestionDescription":"What were your impressions and thoughts about this study?","Validation":{"Settings":{"ForceResponse":"OFF","ForceResponseType":"ON","Type":"None"}},"GradingData":[],"Language":[],"QuestionID":"QID60"}},{"SurveyID":"SV_1Opo4nmrQFts3RP","Element":"SQ","PrimaryAttribute":"QID28","SecondaryAttribute":"What year in school are you?","TertiaryAttribute":null,"Payload":{"QuestionText":"What year in school are you?","DataExportTag":"Q28","QuestionType":"MC","Selector":"SAVR","SubSelector":"TX","Configuration":{"QuestionDescriptionOption":"UseText"},"QuestionDescription":"What year in school are you?","Choices":{"1":{"Display":"Freshman (1)"},"2":{"Display":"Sophomore (2)"},"3":{"Display":"Junior (3)"},"4":{"Display":"Senior (4)"},"5":{"Display":"Senior+ (5 or more)"}},"ChoiceOrder":[1,2,3,4,5],"Validation":{"Settings":{"ForceResponse":"OFF","ForceResponseType":"ON","Type":"None"}},"GradingData":[],"Language":[],"QuestionID":"QID28","DefaultChoices":false}},{"SurveyID":"SV_1Opo4nmrQFts3RP","Element":"SQ","PrimaryAttribute":"QID22","SecondaryAttribute":"When evaluating the results of a study you read about, what factors would you look at to determin...","TertiaryAttribute":null,"Payload":{"QuestionText":"When evaluating the results of a study you read about, what factors would you look at to determine if it describes a reliable finding?","DefaultChoices":false,"DataExportTag":"Q22","QuestionType":"TE","Selector":"ESTB","Configuration":{"QuestionDescriptionOption":"UseText"},"QuestionDescription":"When evaluating the results of a study you read about, what factors would you look at to determin...","Validation":{"Settings":{"ForceResponse":"OFF","ForceResponseType":"ON","Type":"None"}},"GradingData":[],"Language":[],"QuestionID":"QID22"}},{"SurveyID":"SV_1Opo4nmrQFts3RP","Element":"SQ","PrimaryAttribute":"QID19","SecondaryAttribute":"Why do you think there is a replication crisis in psychology?","TertiaryAttribute":null,"Payload":{"QuestionText":"Why do you think there is a replication crisis in psychology?","DefaultChoices":false,"DataExportTag":"Q19","QuestionType":"TE","Selector":"ESTB","Configuration":{"QuestionDescriptionOption":"UseText"},"QuestionDescription":"Why do you think there is a replication crisis in psychology?","Validation":{"Settings":{"ForceResponse":"OFF","ForceResponseType":"ON","Type":"None"}},"GradingData":[],"Language":[],"QuestionID":"QID19"}},{"SurveyID":"SV_1Opo4nmrQFts3RP","Element":"SQ","PrimaryAttribute":"QID35","SecondaryAttribute":"You have reached the end of the survey. Please enter your MSU NetID (i.e., your email address) as...","TertiaryAttribute":null,"Payload":{"QuestionText":"You have reached the end of the survey. Please enter your MSU NetID (i.e., your email address) as proof of completion of the survey.","DefaultChoices":false,"DataExportTag":"Q36","QuestionType":"TE","Selector":"SL","Configuration":{"QuestionDescriptionOption":"UseText"},"QuestionDescription":"You have reached the end of the survey. Please enter your MSU NetID (i.e., your email address) as...","Validation":{"Settings":{"ForceResponse":"OFF","ForceResponseType":"ON","Type":"None"}},"GradingData":[],"Language":[],"QuestionID":"QID35"}}]}