{"SurveyEntry":{"SurveyID":"SV_ahG582L2FiyMRRr","SurveyName":"ReplicationTime1Condition2","SurveyDescription":null,"SurveyOwnerID":"UR_5uILfBa7FOqJKF7","SurveyBrandID":"msupsych","DivisionID":null,"SurveyLanguage":"EN","SurveyActiveResponseSet":"RS_1ENcr83DnWGVoln","SurveyStatus":"Inactive","SurveyStartDate":"0000-00-00 00:00:00","SurveyExpirationDate":"0000-00-00 00:00:00","SurveyCreationDate":"2016-02-12 11:15:42","CreatorID":"UR_5uILfBa7FOqJKF7","LastModified":"2016-03-02 10:48:02","LastAccessed":"0000-00-00 00:00:00","LastActivated":"2016-02-12 11:30:28","Deleted":null},"SurveyElements":[{"SurveyID":"SV_ahG582L2FiyMRRr","Element":"BL","PrimaryAttribute":"Survey Blocks","SecondaryAttribute":null,"TertiaryAttribute":null,"Payload":[{"Type":"Default","Description":"Consent","ID":"BL_509aTvtOwxaxMWx","BlockElements":[{"Type":"Question","QuestionID":"QID1"}]},{"Type":"Trash","Description":"Trash \/ Unused Questions","ID":"BL_dorbL9EgBiSbFYN"},{"Type":"Standard","SubType":"","Description":"MediaInstructions","ID":"BL_08qRImCKqXrpoB7","BlockElements":[{"Type":"Question","QuestionID":"QID2"}]},{"Type":"Standard","SubType":"","Description":"Media1","ID":"BL_1RgjglhcsoEinS5","BlockElements":[{"Type":"Question","QuestionID":"QID4"},{"Type":"Question","QuestionID":"QID3"}]},{"Type":"Standard","SubType":"","Description":"Media Questions","ID":"BL_b2ul2AbD22DkryJ","BlockElements":[{"Type":"Question","QuestionID":"QID5"},{"Type":"Question","QuestionID":"QID6"},{"Type":"Question","QuestionID":"QID7"},{"Type":"Question","QuestionID":"QID8"},{"Type":"Question","QuestionID":"QID9"},{"Type":"Question","QuestionID":"QID19"},{"Type":"Question","QuestionID":"QID20"},{"Type":"Question","QuestionID":"QID10"}]},{"Type":"Standard","SubType":"","Description":"PsychologyInterestQuestions","ID":"BL_3kLq9g51kI2MfeB","BlockElements":[{"Type":"Question","QuestionID":"QID11"},{"Type":"Question","QuestionID":"QID12"},{"Type":"Question","QuestionID":"QID13"},{"Type":"Question","QuestionID":"QID14"},{"Type":"Question","QuestionID":"QID15"},{"Type":"Question","QuestionID":"QID16"},{"Type":"Question","QuestionID":"QID17"}]},{"Type":"Standard","SubType":"","Description":"NetID","ID":"BL_6im35vpPuBlOHeR","BlockElements":[{"Type":"Question","QuestionID":"QID18"}]}]},{"SurveyID":"SV_ahG582L2FiyMRRr","Element":"FL","PrimaryAttribute":"Survey Flow","SecondaryAttribute":null,"TertiaryAttribute":null,"Payload":{"Type":"Root","FlowID":"FL_1","Flow":[{"Type":"Block","ID":"BL_509aTvtOwxaxMWx","FlowID":"FL_2"},{"Type":"Standard","ID":"BL_3kLq9g51kI2MfeB","FlowID":"FL_6"},{"Type":"Standard","ID":"BL_08qRImCKqXrpoB7","FlowID":"FL_3"},{"Type":"Standard","ID":"BL_1RgjglhcsoEinS5","FlowID":"FL_4"},{"Type":"Standard","ID":"BL_b2ul2AbD22DkryJ","FlowID":"FL_5"},{"Type":"Standard","ID":"BL_6im35vpPuBlOHeR","FlowID":"FL_7"}],"Properties":{"Count":7}}},{"SurveyID":"SV_ahG582L2FiyMRRr","Element":"SO","PrimaryAttribute":"Survey Options","SecondaryAttribute":null,"TertiaryAttribute":null,"Payload":{"BackButton":"false","SaveAndContinue":"true","SurveyProtection":"PublicSurvey","BallotBoxStuffingPrevention":"false","NoIndex":"Yes","SurveyExpiration":null,"SurveyTermination":"DisplayMessage","Header":"","Footer":"","ProgressBarDisplay":"Text","PartialData":"+1 week","ValidationMessage":null,"PreviousButton":"  <<  ","NextButton":"  >>  ","SkinLibrary":"Qualtrics","SkinType":"MQ","Skin":"v4qualtrics1","NewScoring":1,"libraryId":"","nextButtonMid":"","previousButtonMid":"","headerMid":"","footerMid":"","QuestionsPerPage":"","PageTransition":"Slide","ExternalCSS":null,"CustomStyles":{"errorStyles":{"selector":".Skin .ValidationError","styles":{"color":null,"backgroundColor":null,"borderColor":null}},"errorStylesBG":{"selector":".Skin .HeaderValidationError, .Skin .HeaderValidationError li a","styles":{"color":null,"backgroundColor":null}},"pageStyles":{"selector":"#SurveyEngineBody","styles":{"backgroundColor":null}},"textStyles":{"selector":".SkinInner","styles":{"fontFamily":null,"fontSize":null,"fontWeight":null,"fontStyle":null,"textDecoration":null,"color":null}},"questionStyles":{"selector":".Skin .QuestionText","styles":{"fontFamily":null,"fontSize":null,"fontWeight":null,"fontStyle":null,"textDecoration":null,"color":null}},"choiceStyles":{"selector":".Skin .horizontalbar th.ylabel, .Skin .Matrix table td, .Skin .Matrix table th, .Skin .Matrix table thead th, .Skin .Matrix table thead td, .Skin .PGR .DragAndDrop .Items label, .Skin .QuestionBody ul.ChoiceStructure, .Skin .PGR .DragAndDrop .Group ul, .Skin .PGR .DragAndDrop .Group h2, .Skin .PGR .DragAndDrop .Items ul, .Skin .PGR .DragAndDrop .Items h2, .Skin .DD .QuestionBody table.ChoiceStructure, .Skin .PGR .DragAndDrop .NoColumns td.groupsContainerTd div ul, .Skin .PGR .DragAndDrop .NoColumns td.groupsContainerTd div h2, .Skin .SBS thead th, .Skin .SBS td, .Skin .SBS .Answers td, .Skin .SBS .Answers th, .SBS table.ChoiceStructure, .Skin .horizontalbar thead table.LabelDescriptions tr td, .Skin .horizontalbar thead tr td.NotApplicable, .QuestionBody th, .Skin .QuestionBody .MC .MAVR label, .Skin .QuestionBody .MC .SAVR label, .Skin .SBS thead th, .Skin .SBS td, .Skin .RO .DND ul li, .Skin .reg, .SkinInner .ChoiceStructure, .Skin thead, .Skin .GAP .ChoiceStructure thead th, .Skin .GAP .ChoiceStructure .c4, .Skin .GAP .ChoiceStructure th, .Skin .GAP .ChoiceStructure .WhyText, .SkinInner .ChoiceStructure .LightBG, .Skin .QuestionOuter.Highlight .Inner .reg, .Skin .QuestionOuter.Highlight .Inner .alt, .Skin .QuestionOuter.Highlight .Inner .ReadableAlt       ","styles":{"fontFamily":null,"fontSize":null,"fontWeight":null,"fontStyle":null,"textDecoration":null,"color":null}},"headerStyles":{"selector":".Skin div#Header","styles":{"color":null}},"footerStyles":{"selector":".Skin #Footer","styles":{"color":null}},"questionSeparatorStyles":{"selector":".Skin .Separator","styles":{"backgroundColor":null,"display":"block"}},"highlightStyles":{"selector":".Skin .QuestionOuter.Highlight .Inner, .Skin .QuestionOuter.Highlight .Inner .reg, .Skin .QuestionOuter.Highlight .Inner .alt, .Skin .QuestionOuter.Highlight .Inner .ReadableAlt","styles":{"backgroundColor":null}},"highlightStylesAlt":{"selector":".Skin .QuestionOuter.Highlight .Inner .ReadableAlt, .Skin .QuestionOuter.Highlight .Inner .LightBG","styles":{"backgroundColor":null}},"textEntryStyles":{"selector":".Skin select, .Skin .InputText","styles":{"color":null}},"borderStyles":{"selector":".Skin .CS .horizontalbar table.sliderGrid tr.xlabel th, .Skin .CS .horizontalbar .ylabel, .Skin .CS .horizontalbar table.sliderGrid tr td.value, .Skin .Slider .horizontalbar table.sliderGrid tr.xlabel th, .Skin .BorderColor, .Skin .DarkBorderColor, .Skin .Slider .horizontalbar table.sliderGrid tr td.value, .Skin thead, .Skin .GAP .ChoiceStructure thead th  ","styles":{"borderColor":null}},"altRowStyles":{"selector":".Skin .ReadableAlt, .Skin .LightBG","styles":{"backgroundColor":null}},"customCSS":null},"HighlightQuestions":"off","EOSMessage":"MS_4VDQ1O3E6RzHNg9","ShowExportTags":"false","CollectGeoLocation":"false","SurveyTitle":"Online Survey Software | Qualtrics Survey Solutions","SurveyMetaDescription":"Qualtrics sophisticated online survey software solutions make creating online surveys easy. Learn more about Research Suite and get a free account today.","PasswordProtection":"No","AnonymizeResponse":"No","Password":"","RefererCheck":"No","RefererURL":"http:\/\/","EOSMessageLibrary":"UR_5uILfBa7FOqJKF7","EOSRedirectURL":"http:\/\/","EmailThankYou":"false","ThankYouEmailMessageLibrary":null,"ThankYouEmailMessage":null,"ValidateMessage":"false","ValidationMessageLibrary":null,"InactiveSurvey":"DefaultMessage","InactiveMessageLibrary":"","InactiveMessage":"","AvailableLanguages":{"EN":[]},"ProtectSelectionIds":true}},{"SurveyID":"SV_ahG582L2FiyMRRr","Element":"SCO","PrimaryAttribute":"Scoring","SecondaryAttribute":null,"TertiaryAttribute":null,"Payload":{"ScoringCategories":[],"ScoringCategoryGroups":[],"ScoringSummaryCategory":null,"ScoringSummaryAfterQuestions":0,"ScoringSummaryAfterSurvey":0,"DefaultScoringCategory":null,"AutoScoringCategory":null}},{"SurveyID":"SV_ahG582L2FiyMRRr","Element":"STAT","PrimaryAttribute":"Survey Statistics","SecondaryAttribute":null,"TertiaryAttribute":null,"Payload":{"MobileCompatible":false,"ID":"Survey Statistics"}},{"SurveyID":"SV_ahG582L2FiyMRRr","Element":"QC","PrimaryAttribute":"Survey Question Count","SecondaryAttribute":"20","TertiaryAttribute":null,"Payload":null},{"SurveyID":"SV_ahG582L2FiyMRRr","Element":"SQ","PrimaryAttribute":"QID5","SecondaryAttribute":"Below are some questions about the media report that you just read. Please answer each question h...","TertiaryAttribute":null,"Payload":{"QuestionText":"Below are some questions about the media report that you just read. Please answer each question honestly","DefaultChoices":false,"DataExportTag":"Q5","QuestionType":"DB","Selector":"TB","Configuration":{"QuestionDescriptionOption":"UseText"},"QuestionDescription":"Below are some questions about the media report that you just read. Please answer each question h...","ChoiceOrder":[],"Validation":{"Settings":{"Type":"None"}},"GradingData":[],"Language":[],"QuestionID":"QID5"}},{"SurveyID":"SV_ahG582L2FiyMRRr","Element":"SQ","PrimaryAttribute":"QID11","SecondaryAttribute":"Below are some questions about your attitudes toward psychology.\u00a0 How much do you agree with each..","TertiaryAttribute":null,"Payload":{"QuestionText":"Below are some questions about your attitudes toward psychology.&nbsp;<div><br><\/div><div>How much do you agree with each statement?<\/div><div><br><\/div><div>Please answer honestly.<\/div>","DefaultChoices":false,"DataExportTag":"Q11","QuestionType":"DB","Selector":"TB","Configuration":{"QuestionDescriptionOption":"UseText"},"QuestionDescription":"Below are some questions about your attitudes toward psychology.\u00a0 How much do you agree with each...","ChoiceOrder":[],"Validation":{"Settings":{"Type":"None"}},"GradingData":[],"Language":[],"QuestionID":"QID11"}},{"SurveyID":"SV_ahG582L2FiyMRRr","Element":"RS","PrimaryAttribute":"RS_1ENcr83DnWGVoln","SecondaryAttribute":"Default Response Set","TertiaryAttribute":null,"Payload":null},{"SurveyID":"SV_ahG582L2FiyMRRr","Element":"SQ","PrimaryAttribute":"QID6","SecondaryAttribute":"How believable did you find the results of this study?","TertiaryAttribute":null,"Payload":{"QuestionText":"How believable did you find the results of this study?","DataExportTag":"Q6","QuestionType":"MC","Selector":"SAHR","SubSelector":"TX","Configuration":{"QuestionDescriptionOption":"UseText","LabelPosition":"BELOW"},"QuestionDescription":"How believable did you find the results of this study?","Choices":{"1":{"Display":"1-not at all believable"},"2":{"Display":"2"},"3":{"Display":"3"},"4":{"Display":"4"},"5":{"Display":"5"},"6":{"Display":"6"},"7":{"Display":"7-very believable"}},"ChoiceOrder":[1,2,3,4,5,6,7],"Validation":{"Settings":{"ForceResponse":"OFF","ForceResponseType":"ON","Type":"None"}},"GradingData":[],"Language":[],"QuestionID":"QID6","DefaultChoices":false}},{"SurveyID":"SV_ahG582L2FiyMRRr","Element":"SQ","PrimaryAttribute":"QID9","SecondaryAttribute":"How interested are you in reading the empirical article described in the media account?","TertiaryAttribute":null,"Payload":{"QuestionText":"How interested are you in reading the empirical article described in the media account?","DefaultChoices":false,"DataExportTag":"Q9","QuestionType":"MC","Selector":"SAHR","SubSelector":"TX","Configuration":{"QuestionDescriptionOption":"UseText","LabelPosition":"BELOW"},"QuestionDescription":"How interested are you in reading the empirical article described in the media account?","Choices":{"1":{"Display":"1-not at all interested"},"2":{"Display":"2"},"3":{"Display":"3"},"4":{"Display":"4"},"5":{"Display":"5"},"6":{"Display":"6"},"7":{"Display":"7-very interested"}},"ChoiceOrder":[1,2,3,4,5,6,7],"Validation":{"Settings":{"ForceResponse":"OFF","ForceResponseType":"ON","Type":"None"}},"GradingData":[],"Language":[],"QuestionID":"QID9"}},{"SurveyID":"SV_ahG582L2FiyMRRr","Element":"SQ","PrimaryAttribute":"QID8","SecondaryAttribute":"How surprising were the results of this study?","TertiaryAttribute":null,"Payload":{"QuestionText":"How surprising were the results of this study?","DefaultChoices":false,"DataExportTag":"Q8","QuestionType":"MC","Selector":"SAHR","SubSelector":"TX","Configuration":{"QuestionDescriptionOption":"UseText","LabelPosition":"BELOW"},"QuestionDescription":"How surprising were the results of this study?","Choices":{"1":{"Display":"1-not at all surprising"},"2":{"Display":"2"},"3":{"Display":"3"},"4":{"Display":"4"},"5":{"Display":"5"},"6":{"Display":"6"},"7":{"Display":"7-very surprising"}},"ChoiceOrder":[1,2,3,4,5,6,7],"Validation":{"Settings":{"ForceResponse":"OFF","ForceResponseType":"ON","Type":"None"}},"GradingData":[],"Language":[],"QuestionID":"QID8"}},{"SurveyID":"SV_ahG582L2FiyMRRr","Element":"SQ","PrimaryAttribute":"QID19","SecondaryAttribute":"How would you rate the quality of the research described on the previous page?","TertiaryAttribute":null,"Payload":{"QuestionText":"How would you rate the quality of the research described on the previous page?","DefaultChoices":false,"DataExportTag":"Q19","QuestionType":"MC","Selector":"SAHR","SubSelector":"TX","Configuration":{"QuestionDescriptionOption":"UseText","LabelPosition":"BELOW"},"QuestionDescription":"How would you rate the quality of the research described on the previous page?","Choices":{"1":{"Display":"1-very low quality"},"2":{"Display":"2"},"3":{"Display":"3"},"4":{"Display":"4"},"5":{"Display":"5"},"6":{"Display":"6"},"7":{"Display":"7-very high quality"}},"ChoiceOrder":[1,2,3,4,5,6,7],"Validation":{"Settings":{"ForceResponse":"OFF","ForceResponseType":"ON","Type":"None"}},"GradingData":[],"Language":[],"QuestionID":"QID19"}},{"SurveyID":"SV_ahG582L2FiyMRRr","Element":"SQ","PrimaryAttribute":"QID16","SecondaryAttribute":"I am interested in pursuing graduate school in psychology.","TertiaryAttribute":null,"Payload":{"QuestionText":"I am interested in pursuing graduate school in psychology.","DefaultChoices":false,"DataExportTag":"Q16","QuestionType":"MC","Selector":"SAHR","SubSelector":"TX","Configuration":{"QuestionDescriptionOption":"UseText","LabelPosition":"BELOW"},"QuestionDescription":"I am interested in pursuing graduate school in psychology.","Choices":{"1":{"Display":"strongly disagree"},"2":{"Display":"disagree"},"3":{"Display":"slightly disagree"},"4":{"Display":"neither disagree nor agree"},"5":{"Display":"slightly agree"},"6":{"Display":"agree"},"7":{"Display":"strongly agree"}},"ChoiceOrder":[1,2,3,4,5,6,7],"Validation":{"Settings":{"ForceResponse":"OFF","ForceResponseType":"ON","Type":"None"}},"GradingData":[],"Language":[],"QuestionID":"QID16"}},{"SurveyID":"SV_ahG582L2FiyMRRr","Element":"SQ","PrimaryAttribute":"QID12","SecondaryAttribute":"I like psychology.","TertiaryAttribute":null,"Payload":{"QuestionText":"I like psychology.","DataExportTag":"Q12","QuestionType":"MC","Selector":"SAHR","SubSelector":"TX","Configuration":{"QuestionDescriptionOption":"UseText","LabelPosition":"BELOW"},"QuestionDescription":"I like psychology.","Choices":{"1":{"Display":"strongly disagree"},"2":{"Display":"disagree"},"3":{"Display":"slightly disagree"},"4":{"Display":"neither disagree nor agree"},"5":{"Display":"slightly agree"},"6":{"Display":"agree"},"7":{"Display":"strongly agree"}},"ChoiceOrder":[1,2,3,4,5,6,7],"Validation":{"Settings":{"ForceResponse":"OFF","ForceResponseType":"ON","Type":"None"}},"GradingData":[],"Language":[],"QuestionID":"QID12","DefaultChoices":false}},{"SurveyID":"SV_ahG582L2FiyMRRr","Element":"SQ","PrimaryAttribute":"QID13","SecondaryAttribute":"I think psychological research is similar to research in fields like chemistry, physics, or biology.","TertiaryAttribute":null,"Payload":{"QuestionText":"I think psychological research is similar to research in fields like chemistry, physics, or biology.","DefaultChoices":false,"DataExportTag":"Q13","QuestionType":"MC","Selector":"SAHR","SubSelector":"TX","Configuration":{"QuestionDescriptionOption":"UseText","LabelPosition":"BELOW"},"QuestionDescription":"I think psychological research is similar to research in fields like chemistry, physics, or biology.","Choices":{"1":{"Display":"strongly disagree"},"2":{"Display":"disagree"},"3":{"Display":"slightly disagree"},"4":{"Display":"neither disagree nor agree"},"5":{"Display":"slightly agree"},"6":{"Display":"agree"},"7":{"Display":"strongly agree"}},"ChoiceOrder":[1,2,3,4,5,6,7],"Validation":{"Settings":{"ForceResponse":"OFF","ForceResponseType":"ON","Type":"None"}},"GradingData":[],"Language":[],"QuestionID":"QID13"}},{"SurveyID":"SV_ahG582L2FiyMRRr","Element":"SQ","PrimaryAttribute":"QID14","SecondaryAttribute":"I think psychological research is similar to research in fields like philosophy, literature, or m...","TertiaryAttribute":null,"Payload":{"QuestionText":"I think psychological research is similar to research in fields like philosophy, literature, or modern languages.","DefaultChoices":false,"DataExportTag":"Q14","QuestionType":"MC","Selector":"SAHR","SubSelector":"TX","Configuration":{"QuestionDescriptionOption":"UseText","LabelPosition":"BELOW"},"QuestionDescription":"I think psychological research is similar to research in fields like philosophy, literature, or m...","Choices":{"1":{"Display":"strongly disagree"},"2":{"Display":"disagree"},"3":{"Display":"slightly disagree"},"4":{"Display":"neither disagree nor agree"},"5":{"Display":"slightly agree"},"6":{"Display":"agree"},"7":{"Display":"strongly agree"}},"ChoiceOrder":[1,2,3,4,5,6,7],"Validation":{"Settings":{"ForceResponse":"OFF","ForceResponseType":"ON","Type":"None"}},"GradingData":[],"Language":[],"QuestionID":"QID14"}},{"SurveyID":"SV_ahG582L2FiyMRRr","Element":"SQ","PrimaryAttribute":"QID15","SecondaryAttribute":"I think psychology is a \"soft\" science.","TertiaryAttribute":null,"Payload":{"QuestionText":"I think psychology is a \"soft\" science.","DefaultChoices":false,"DataExportTag":"Q15","QuestionType":"MC","Selector":"SAHR","SubSelector":"TX","Configuration":{"QuestionDescriptionOption":"UseText","LabelPosition":"BELOW"},"QuestionDescription":"I think psychology is a \"soft\" science.","Choices":{"1":{"Display":"strongly disagree"},"2":{"Display":"disagree"},"3":{"Display":"slightly disagree"},"4":{"Display":"neither disagree nor agree"},"5":{"Display":"slightly agree"},"6":{"Display":"agree"},"7":{"Display":"strongly agree"}},"ChoiceOrder":[1,2,3,4,5,6,7],"Validation":{"Settings":{"ForceResponse":"OFF","ForceResponseType":"ON","Type":"None"}},"GradingData":[],"Language":[],"QuestionID":"QID15"}},{"SurveyID":"SV_ahG582L2FiyMRRr","Element":"SQ","PrimaryAttribute":"QID17","SecondaryAttribute":"I trust the results of studies done by psychologists.","TertiaryAttribute":null,"Payload":{"QuestionText":"I trust the results of studies done by psychologists.","DefaultChoices":false,"DataExportTag":"Q17","QuestionType":"MC","Selector":"SAHR","SubSelector":"TX","Configuration":{"QuestionDescriptionOption":"UseText","LabelPosition":"BELOW"},"QuestionDescription":"I trust the results of studies done by psychologists.","Choices":{"1":{"Display":"strongly disagree"},"2":{"Display":"disagree"},"3":{"Display":"slightly disagree"},"4":{"Display":"neither disagree nor agree"},"5":{"Display":"slightly agree"},"6":{"Display":"agree"},"7":{"Display":"strongly agree"}},"ChoiceOrder":[1,2,3,4,5,6,7],"Validation":{"Settings":{"ForceResponse":"OFF","ForceResponseType":"ON","Type":"None"}},"GradingData":[],"Language":[],"QuestionID":"QID17"}},{"SurveyID":"SV_ahG582L2FiyMRRr","Element":"SQ","PrimaryAttribute":"QID7","SecondaryAttribute":"If another group of researchers were to run a study similar to the studies described on the previ...","TertiaryAttribute":null,"Payload":{"QuestionText":"If another group of researchers were to run a study similar to the studies described on the previous page, how likely is it that this additional study would reach similar conclusions?","DataExportTag":"Q7","QuestionType":"MC","Selector":"SAHR","SubSelector":"TX","Configuration":{"QuestionDescriptionOption":"UseText","LabelPosition":"BELOW"},"QuestionDescription":"If another group of researchers were to run a study similar to the studies described on the previ...","Choices":{"1":{"Display":"1-very unlikely"},"2":{"Display":"2"},"3":{"Display":"3"},"4":{"Display":"4"},"5":{"Display":"5"},"6":{"Display":"6"},"7":{"Display":"7-very likely"}},"ChoiceOrder":[1,2,3,4,5,6,7],"Validation":{"Settings":{"ForceResponse":"OFF","ForceResponseType":"ON","Type":"None"}},"Language":[],"QuestionID":"QID7","GradingData":[],"DefaultChoices":false}},{"SurveyID":"SV_ahG582L2FiyMRRr","Element":"SQ","PrimaryAttribute":"QID2","SecondaryAttribute":"On the next page, you will read a media summary of a recently published study. Please read this s...","TertiaryAttribute":null,"Payload":{"QuestionText":"On the next page, you will read a media summary of a recently published study. Please read this summary carefully and answer the questions about your impressions of the article.","DefaultChoices":false,"DataExportTag":"Q2","QuestionType":"DB","Selector":"TB","Configuration":{"QuestionDescriptionOption":"UseText"},"QuestionDescription":"On the next page, you will read a media summary of a recently published study. Please read this s...","ChoiceOrder":[],"Validation":{"Settings":{"Type":"None"}},"GradingData":[],"Language":[],"QuestionID":"QID2"}},{"SurveyID":"SV_ahG582L2FiyMRRr","Element":"SQ","PrimaryAttribute":"QID20","SecondaryAttribute":"Please choose the third option on the scale below (i.e., #3).","TertiaryAttribute":null,"Payload":{"QuestionText":"Please choose the third option on the scale below (i.e., #3).","DefaultChoices":false,"DataExportTag":"Q20","QuestionType":"MC","Selector":"SAHR","SubSelector":"TX","Configuration":{"QuestionDescriptionOption":"UseText","LabelPosition":"BELOW"},"QuestionDescription":"Please choose the third option on the scale below (i.e., #3).","Choices":{"1":{"Display":"1-very low quality"},"2":{"Display":"2"},"3":{"Display":"3"},"4":{"Display":"4"},"5":{"Display":"5"},"6":{"Display":"6"},"7":{"Display":"7-very high quality"}},"ChoiceOrder":[1,2,3,4,5,6,7],"Validation":{"Settings":{"ForceResponse":"OFF","ForceResponseType":"ON","Type":"None"}},"GradingData":[],"Language":[],"QuestionID":"QID20"}},{"SurveyID":"SV_ahG582L2FiyMRRr","Element":"SQ","PrimaryAttribute":"QID1","SecondaryAttribute":"Research Participant Information and Consent Form \u00a0You are being asked to participate in a resear..","TertiaryAttribute":null,"Payload":{"QuestionText":"<h1><span style=\"font-size:19px;\">Research Participant Information and Consent Form<\/span><\/h1>\n&nbsp;You are being asked to participate in a research study. Researchers are required to provide a consent opportunity to inform you about the research study, to convey that participation is voluntary, to explain risks and benefits of participation, and to empower you to make an informed decision. You should feel free to ask the researchers any questions you may have.<br>\n&nbsp;<br>\nStudy Title: Assessment of Student Learning about Reproducibility<br>\nResearcher and Title: Dr. William J. Chopik<br>\nDepartment and Institution: Department of Psychology, Michigan State University<br>\nAddress and Contact Information: 316 Physics Rd., Rm 262, Michigan State University, East Lansing, MI 48824<br>\nSponsor: none<br>\n&nbsp;<br>\n<strong>1.&nbsp; PURPOSE OF RESEARCH<\/strong>\n\n<ul>\n\t<li>You are being asked to participate in a research study of examining how discussing issues of reproducibility affect students\u2019 understanding of research ethics in psychology.<\/li>\n\t<li>You have been selected as a possible participant in this study because you are enrolled in Psychology 236<\/li>\n\t<li>From this study, the researchers hope to learn how students\u2019 concerns about reproducibility in psychology and science.<\/li>\n\t<li>Your participation in this study will take about 30 minutes across the two survey parts.<\/li>\n\t<li>If you are under 18, you cannot be in this study without parental permission.<\/li>\n<\/ul>\n<strong>2. WHAT YOU WILL DO&nbsp;<\/strong>\n\n<ul>\n\t<li><em>You will complete short questionnaires about your perception of the field of psychology (in parts 1 and 2). You will also read a short media release about a psychology study and answer a few questions about your impressions of it (parts 1 and 2). Finally, you will answer questions about material presented in class (part 2 only). The questions are not sensitive in nature and you can skip any questions along the way. <\/em><\/li>\n<\/ul>\n<strong>3. POTENTIAL BENEFITS<\/strong>\n\n<ul>\n\t<li>The only direct benefit to you is that you might gain insight into what influences your behavior. The greater benefit to psychology and society is a better understanding of how individuals vary in how they respond to events.<\/li>\n<\/ul>\n<strong>4. POTENTIAL RISKS<\/strong>\n\n<ul>\n\t<li>There are no foreseeable risks associated with participation in this study. There is no greater risk than what you would normally encounter in everyday life.<\/li>\n<\/ul>\n<strong>5.&nbsp; PRIVACY AND CONFIDENTIALITY<\/strong>\n\n<ul>\n\t<li>All responses collected from you today are completely confidential. Your confidentiality will be protected to the maximum extent allowable by law. Also, your responses will de-identified from your data, such that responses cannot be tied to your individual identity. The researchers and IRB will have access to the research data. Your data may be made publicly available, but any data made available will be completely anonymous and you will not be able to be identified in any way. Data will be kept for at least 3 years after the project closes in locked file cabinets in the PI's laboratory in the Psychology Building.<\/li>\n\t<li>A graduate student (Victor Keller) will coordinate the data collection efforts of the study. The PI (the instructor of Psych 236) will not have access to the data until after the term ends and grades are submitted. Thus, there are further efforts to ensure confidentiality and that your standing in the course will not be adversely affected by your participation.<\/li>\n<\/ul>\n<strong>6. Your rights to participate, say no, or withdraw<\/strong>\n\n<ul>\n\t<li>Participation is voluntary. Refusal to participate will involve no penalty or loss of benefits to which you are otherwise entitled. You may discontinue participation at any time without penalty or loss of benefits to which you are otherwise entitled.<\/li>\n\t<li>You have the right to say no.<\/li>\n\t<li>You may change your mind at any time and withdraw.<\/li>\n\t<li>You may choose not to answer specific questions or to stop participating at any time.<\/li>\n\t<li>Choosing not to participate or withdrawing from this study will not make any difference in the quality of any services you may receive.<\/li>\n\t<li>Whether you choose to participate or not will have no affect on your grade or evaluation. An alternative assignment has been made available.<\/li>\n\t<li>You will be told of any significant findings that develop during the course of the study that may influence your willingness to continue to participate in the research.<\/li>\n<\/ul>\n<strong>7.&nbsp; COSTS AND COMPENSATION FOR BEING IN THE STUDY<\/strong>\n\n<ul>\n\t<li>Participants who consent to take part in both survey parts will be awarded 5% course credit. If you choose not to participate in the two parts of this study, you may elect to complete the alternative assignment. You must complete both parts or complete the alternative assignment in order to receive credit.<\/li>\n\t<li>The duration of this online survey is approximately 30 minutes total across both parts.<\/li>\n\t<li>Participation in these online surveys is voluntary. You may withdraw at any time without penalty. This means that no credits will be deducted from your grade, nor will withdrawal have any effect on your relationship with any of your instructors. If you would like to receive credit, you can complete the alternative assignment that is described in class.<\/li>\n<\/ul>\n&nbsp;<br>\n<strong>8.&nbsp; Contact Information<\/strong><br>\nIf you have concerns or questions about this study, such as scientific issues, how to do any part of it, or to report an injury, please contact the researcher (William J. Chopik, Ph.D. at chopikwi@msu.edu or 517-355-6645, or 254 Psychology Building, East Lansing, MI 48824).<br>\n&nbsp;<br>\nIf you have questions or concerns about your role and rights as a research participant, would like to obtain information or offer input, or would like to register a complaint about this study, you may contact, anonymously if you wish, the Michigan State University\u2019s Human Research Protection Program at 517-355-2180, Fax 517-432-4503, or e-mail <a href=\"mailto:irb@msu.edu\" title=\"blocked::mailto:irb@msu.edu\">irb@msu.edu<\/a> or regular mail at 408 West Circle Drive, Olds Hall Room 207, MSU, East Lansing, MI 48824.<br>\n&nbsp;<br>\n<strong><em>By clicking continue, you agree to the following statement: \u201cI voluntarily agree to participate in this study, and I am 18 years of age or older.\u201d<\/em><\/strong>","DefaultChoices":false,"DataExportTag":"Q1","QuestionType":"DB","Selector":"TB","Configuration":{"QuestionDescriptionOption":"UseText"},"QuestionDescription":"Research Participant Information and Consent Form \u00a0You are being asked to participate in a resear...","ChoiceOrder":[],"Validation":{"Settings":{"Type":"None"}},"GradingData":[],"Language":[],"QuestionID":"QID1"}},{"SurveyID":"SV_ahG582L2FiyMRRr","Element":"SQ","PrimaryAttribute":"QID3","SecondaryAttribute":"Study: U.S. Flag 'Primes' Voters Toward Republican Viewpoints \u00a0 Just a glimpse at the American fl..","TertiaryAttribute":null,"Payload":{"QuestionText":"<p><span style=\"font-size:24px;\"><span style=\"font-family: 'Times New Roman', serif;\">Study: U.S. Flag 'Primes' Voters Toward Republican Viewpoints<\/span><\/span><\/p>\n\n<p>&nbsp;<\/p>\n\n<p><span style=\"font-size:12.0pt;font-family:&quot;Times New Roman&quot;,&quot;serif&quot;\">Just a glimpse at the American flag can sway voters, even Democrats, toward more Republican voting behavior, attitudes and beliefs, a new two-year study says.<o:p><\/o:p><\/span><\/p>\n\n<p><span style=\"font-size:12.0pt;font-family:&quot;Times New Roman&quot;,&quot;serif&quot;\">&nbsp;<\/span><\/p>\n\n<p><span style=\"font-size:12.0pt;font-family:&quot;Times New Roman&quot;,&quot;serif&quot;\">The authors, from the University of Chicago, Cornell University and Hebrew University, say the research proves the American flag has a powerful effect on voters.<o:p><\/o:p><\/span><\/p>\n\n<p><span style=\"font-size:12.0pt;font-family:&quot;Times New Roman&quot;,&quot;serif&quot;\">&nbsp;<\/span><\/p>\n\n<p><span style=\"font-size:12.0pt;font-family:&quot;Times New Roman&quot;,&quot;serif&quot;\">\"A single exposure to an American flag resulted in a significant increase in participants' Republican voting intentions, voting behavior, political beliefs, and implicit and explicit attitudes, with some effects lasting eight months,\" reads the study titled, \"Long-Term Effects of U.S. Flag Exposure on Republicanism.\" <o:p><\/o:p><\/span><\/p>\n\n<p><span style=\"font-size:12.0pt;font-family:&quot;Times New Roman&quot;,&quot;serif&quot;\">&nbsp;<\/span><\/p>\n\n<p><span style=\"font-size:12.0pt;font-family:&quot;Times New Roman&quot;,&quot;serif&quot;\">\"These results constitute the first evidence that nonconscious priming effects from exposure to a national flag can bias the citizenry toward one political party and can have considerable durability,\" the study says.<o:p><\/o:p><\/span><\/p>\n\n<p><span style=\"font-size:12.0pt;font-family:&quot;Times New Roman&quot;,&quot;serif&quot;\">&nbsp;<\/span><\/p>\n\n<p><span style=\"font-size:12.0pt;font-family:&quot;Times New Roman&quot;,&quot;serif&quot;\">In the study, first reported on by \"U.S. News and World Report,\" participants, mostly Democratic-leaning, were asked to fill out a survey about their opinions on Democratic and Republican parties, leaders and their voting intentions. Half of the surveys contained a small American flag in the top left corner. They were given out just before the 2008 presidential election. Although 90 percent of participants said they wouldn't be influenced by the presence of a flag, the scholars found that the participants exposed to the flag had a bias toward the Republican Party and shifted their behaviors toward the Republican end of the spectrum.<o:p><\/o:p><\/span><\/p>\n\n<p><span style=\"font-size:12.0pt;font-family:&quot;Times New Roman&quot;,&quot;serif&quot;\">&nbsp;<\/span><\/p>\n\n<p><span style=\"font-size:12.0pt;font-family:&quot;Times New Roman&quot;,&quot;serif&quot;\">\"A single exposure to a small American flag during deliberation about voting intentions prior to a general election led to significant and robust changes in participants' voting intentions, voting behavior, and political attitudes, all in the politically conservative direction,\" the study reads. To ensure that the party in power at the time of the test didn't have an effect on the survey answers, another survey was conducted eight months after the 2008 election and sent to the same 71 participants. Results found that the half of 71 participants exposed to the American flag \"felt less positively about Obama's job performance.\"<o:p><\/o:p><\/span><\/p>\n\n<p><span style=\"font-size:12.0pt;font-family:&quot;Times New Roman&quot;,&quot;serif&quot;\">&nbsp;<\/span><\/p>\n\n<p><span style=\"font-size:12.0pt;font-family:&quot;Times New Roman&quot;,&quot;serif&quot;\">To further prove their point, another test was conducted in May 2010 in which a different 70 participants were shown pictures of buildings with a flag and others with the flag digitally erased.<o:p><\/o:p><\/span><\/p>\n\n<p><span style=\"font-size:12.0pt;font-family:&quot;Times New Roman&quot;,&quot;serif&quot;\">&nbsp;<\/span><\/p>\n\n<p><span style=\"font-size:12.0pt;font-family:&quot;Times New Roman&quot;,&quot;serif&quot;\">The last test resulted in similar answers to the first two, reinforcing the argument that even subtle exposure to the American flag considerably shifted people's beliefs, Republican or Democrat, toward Republicanism. A study of the impact that viewing the American flag has on politics has not been done before, but it is similar to a study recently conducted by Harvard University. <o:p><\/o:p><\/span><\/p>\n\n<p><span style=\"font-size:12.0pt;font-family:&quot;Times New Roman&quot;,&quot;serif&quot;\">&nbsp;<\/span><\/p>\n\n<p><span style=\"font-size:12.0pt;font-family:&quot;Times New Roman&quot;,&quot;serif&quot;\">That study's findings argued that attending July 4 parades are more beneficial to the Republican Party -- they boost turnout of GOP voters, increase Republican patriotism and turn kids into Republicans.<o:p><\/o:p><\/span><\/p>\n\n<p>&nbsp;<\/p>\n\n<p><span style=\"font-size:12.0pt;font-family:&quot;Times New Roman&quot;,&quot;serif&quot;\">The authors in the current study also cited a 2007 \"Personality and Social Psychology Bulletin\" report that concluded that brief exposure to the American flag increased aggressive thoughts and behavior, especially among those who followed political news.<o:p><\/o:p><\/span><\/p>","DefaultChoices":false,"DataExportTag":"Q3","QuestionID":"QID3","QuestionType":"DB","Selector":"TB","Configuration":{"QuestionDescriptionOption":"UseText"},"QuestionDescription":"Study: U.S. Flag 'Primes' Voters Toward Republican Viewpoints \u00a0 Just a glimpse at the American fl...","ChoiceOrder":[],"Validation":{"Settings":{"Type":"None"}},"GradingData":[],"Language":[]}},{"SurveyID":"SV_ahG582L2FiyMRRr","Element":"SQ","PrimaryAttribute":"QID4","SecondaryAttribute":"Timing","TertiaryAttribute":null,"Payload":{"QuestionText":"Timing","DefaultChoices":false,"DataExportTag":"Q4","QuestionType":"Timing","Selector":"PageTimer","Configuration":{"QuestionDescriptionOption":"UseText","MinSeconds":"0","MaxSeconds":"0"},"QuestionDescription":"Timing","Choices":{"1":{"Display":"First Click"},"2":{"Display":"Last Click"},"3":{"Display":"Page Submit"},"4":{"Display":"Click Count"}},"GradingData":[],"Language":[],"QuestionID":"QID4"}},{"SurveyID":"SV_ahG582L2FiyMRRr","Element":"SQ","PrimaryAttribute":"QID10","SecondaryAttribute":"What were your impressions and thoughts about this study?","TertiaryAttribute":null,"Payload":{"QuestionText":"What were your impressions and thoughts about this study?","DefaultChoices":false,"DataExportTag":"Q10","QuestionType":"TE","Selector":"ESTB","Configuration":{"QuestionDescriptionOption":"UseText"},"QuestionDescription":"What were your impressions and thoughts about this study?","Validation":{"Settings":{"ForceResponse":"OFF","ForceResponseType":"ON","Type":"None"}},"GradingData":[],"Language":[],"QuestionID":"QID10"}},{"SurveyID":"SV_ahG582L2FiyMRRr","Element":"SQ","PrimaryAttribute":"QID18","SecondaryAttribute":"You have reached the end of the survey. Please enter your MSU NetID (i.e., your email address) as...","TertiaryAttribute":null,"Payload":{"QuestionText":"You have reached the end of the survey. Please enter your MSU NetID (i.e., your email address) as proof of completion of the survey.","DefaultChoices":false,"DataExportTag":"Q18","QuestionType":"TE","Selector":"SL","Configuration":{"QuestionDescriptionOption":"UseText"},"QuestionDescription":"You have reached the end of the survey. Please enter your MSU NetID (i.e., your email address) as...","Validation":{"Settings":{"ForceResponse":"OFF","ForceResponseType":"ON","Type":"None"}},"GradingData":[],"Language":[],"QuestionID":"QID18"}}]}